
Microsoft Visual Studio Solution File, Format Version 12.00
# Visual Studio 15
VisualStudioVersion = 15.0.26228.4
MinimumVisualStudioVersion = 10.0.40219.1
Project("{2150E333-8FDC-42A3-9474-1A3956D46DE8}") = "Solution Items", "Solution Items", "{CB6E3509-6EE9-4D82-A3D0-11DC13124345}"
	ProjectSection(SolutionItems) = preProject
		build.cake = build.cake
		build.cmd = build.cmd
		nuspec\FleetComplete.Geocoder.NGeoNames.nuspec = nuspec\FleetComplete.Geocoder.NGeoNames.nuspec
		nuspec\FleetComplete.Geocoder.nuspec = nuspec\FleetComplete.Geocoder.nuspec
		lib\KdTreeLib.Pcl.dll = lib\KdTreeLib.Pcl.dll
		LICENSE.md = LICENSE.md
		lib\NGeoNames.dll = lib\NGeoNames.dll
		nuspec\nuget.exe = nuspec\nuget.exe
		nuspec\pack.cmd = nuspec\pack.cmd
		nuspec\push.cmd = nuspec\push.cmd
		README.md = README.md
	EndProjectSection
EndProject
Project("{FAE04EC0-301F-11D3-BF4B-00C04F79EFBC}") = "FleetComplete.Geocoder", "FleetComplete.Geocoder\FleetComplete.Geocoder.csproj", "{35460A49-4083-49AE-A5D3-0F9F95910173}"
EndProject
Project("{FAE04EC0-301F-11D3-BF4B-00C04F79EFBC}") = "FleetComplete.Geocoder.NGeoNames", "FleetComplete.Geocoder.NGeoNames\FleetComplete.Geocoder.NGeoNames.csproj", "{9C2B9B44-3503-4C62-A805-95ABB009D716}"
EndProject
Project("{FAE04EC0-301F-11D3-BF4B-00C04F79EFBC}") = "FleetComplete.Geocoder.NGeoNames.Tests", "FleetComplete.Geocoder.NGeoNames.Tests\FleetComplete.Geocoder.NGeoNames.Tests.csproj", "{96DE8F81-D53D-491D-AC3F-DF3BBDF61EC2}"
EndProject
Project("{2150E333-8FDC-42A3-9474-1A3956D46DE8}") = "Sample", "Sample", "{F70CF487-4C03-4674-904F-193BDE09FF21}"
EndProject
Project("{FAE04EC0-301F-11D3-BF4B-00C04F79EFBC}") = "OgreTest", "Sample\OgreTest\OgreTest.csproj", "{80E507A8-0B16-4494-B39C-483E3E674BBC}"
EndProject
Project("{FAE04EC0-301F-11D3-BF4B-00C04F79EFBC}") = "OgreTest.Droid", "Sample\OgreTest.Droid\OgreTest.Droid.csproj", "{C469329E-76BF-4364-ABAA-37D1689479D3}"
EndProject
Project("{FAE04EC0-301F-11D3-BF4B-00C04F79EFBC}") = "OrgeTest.iOS", "Sample\OgreTest.iOS\OrgeTest.iOS.csproj", "{993EF96E-8C40-4454-84B2-370E1234EE00}"
EndProject
Project("{FAE04EC0-301F-11D3-BF4B-00C04F79EFBC}") = "OgreTest.UWP", "Sample\OgreTest.UWP\OgreTest.UWP.csproj", "{51F726CA-E8F6-4A3B-84FA-D05E07187AA9}"
EndProject
Global
	GlobalSection(SolutionConfigurationPlatforms) = preSolution
		Ad-Hoc|Any CPU = Ad-Hoc|Any CPU
		Ad-Hoc|ARM = Ad-Hoc|ARM
		Ad-Hoc|iPhone = Ad-Hoc|iPhone
		Ad-Hoc|iPhoneSimulator = Ad-Hoc|iPhoneSimulator
		Ad-Hoc|x64 = Ad-Hoc|x64
		Ad-Hoc|x86 = Ad-Hoc|x86
		AppStore|Any CPU = AppStore|Any CPU
		AppStore|ARM = AppStore|ARM
		AppStore|iPhone = AppStore|iPhone
		AppStore|iPhoneSimulator = AppStore|iPhoneSimulator
		AppStore|x64 = AppStore|x64
		AppStore|x86 = AppStore|x86
		Debug|Any CPU = Debug|Any CPU
		Debug|ARM = Debug|ARM
		Debug|iPhone = Debug|iPhone
		Debug|iPhoneSimulator = Debug|iPhoneSimulator
		Debug|x64 = Debug|x64
		Debug|x86 = Debug|x86
		Release|Any CPU = Release|Any CPU
		Release|ARM = Release|ARM
		Release|iPhone = Release|iPhone
		Release|iPhoneSimulator = Release|iPhoneSimulator
		Release|x64 = Release|x64
		Release|x86 = Release|x86
	EndGlobalSection
	GlobalSection(ProjectConfigurationPlatforms) = postSolution
		{35460A49-4083-49AE-A5D3-0F9F95910173}.Ad-Hoc|Any CPU.ActiveCfg = Release|Any CPU
		{35460A49-4083-49AE-A5D3-0F9F95910173}.Ad-Hoc|Any CPU.Build.0 = Release|Any CPU
		{35460A49-4083-49AE-A5D3-0F9F95910173}.Ad-Hoc|ARM.ActiveCfg = Release|Any CPU
		{35460A49-4083-49AE-A5D3-0F9F95910173}.Ad-Hoc|ARM.Build.0 = Release|Any CPU
		{35460A49-4083-49AE-A5D3-0F9F95910173}.Ad-Hoc|iPhone.ActiveCfg = Release|Any CPU
		{35460A49-4083-49AE-A5D3-0F9F95910173}.Ad-Hoc|iPhone.Build.0 = Release|Any CPU
		{35460A49-4083-49AE-A5D3-0F9F95910173}.Ad-Hoc|iPhoneSimulator.ActiveCfg = Release|Any CPU
		{35460A49-4083-49AE-A5D3-0F9F95910173}.Ad-Hoc|iPhoneSimulator.Build.0 = Release|Any CPU
		{35460A49-4083-49AE-A5D3-0F9F95910173}.Ad-Hoc|x64.ActiveCfg = Release|Any CPU
		{35460A49-4083-49AE-A5D3-0F9F95910173}.Ad-Hoc|x64.Build.0 = Release|Any CPU
		{35460A49-4083-49AE-A5D3-0F9F95910173}.Ad-Hoc|x86.ActiveCfg = Release|Any CPU
		{35460A49-4083-49AE-A5D3-0F9F95910173}.Ad-Hoc|x86.Build.0 = Release|Any CPU
		{35460A49-4083-49AE-A5D3-0F9F95910173}.AppStore|Any CPU.ActiveCfg = Release|Any CPU
		{35460A49-4083-49AE-A5D3-0F9F95910173}.AppStore|Any CPU.Build.0 = Release|Any CPU
		{35460A49-4083-49AE-A5D3-0F9F95910173}.AppStore|ARM.ActiveCfg = Release|Any CPU
		{35460A49-4083-49AE-A5D3-0F9F95910173}.AppStore|ARM.Build.0 = Release|Any CPU
		{35460A49-4083-49AE-A5D3-0F9F95910173}.AppStore|iPhone.ActiveCfg = Release|Any CPU
		{35460A49-4083-49AE-A5D3-0F9F95910173}.AppStore|iPhone.Build.0 = Release|Any CPU
		{35460A49-4083-49AE-A5D3-0F9F95910173}.AppStore|iPhoneSimulator.ActiveCfg = Release|Any CPU
		{35460A49-4083-49AE-A5D3-0F9F95910173}.AppStore|iPhoneSimulator.Build.0 = Release|Any CPU
		{35460A49-4083-49AE-A5D3-0F9F95910173}.AppStore|x64.ActiveCfg = Release|Any CPU
		{35460A49-4083-49AE-A5D3-0F9F95910173}.AppStore|x64.Build.0 = Release|Any CPU
		{35460A49-4083-49AE-A5D3-0F9F95910173}.AppStore|x86.ActiveCfg = Release|Any CPU
		{35460A49-4083-49AE-A5D3-0F9F95910173}.AppStore|x86.Build.0 = Release|Any CPU
		{35460A49-4083-49AE-A5D3-0F9F95910173}.Debug|Any CPU.ActiveCfg = Debug|Any CPU
		{35460A49-4083-49AE-A5D3-0F9F95910173}.Debug|Any CPU.Build.0 = Debug|Any CPU
		{35460A49-4083-49AE-A5D3-0F9F95910173}.Debug|ARM.ActiveCfg = Debug|Any CPU
		{35460A49-4083-49AE-A5D3-0F9F95910173}.Debug|ARM.Build.0 = Debug|Any CPU
		{35460A49-4083-49AE-A5D3-0F9F95910173}.Debug|iPhone.ActiveCfg = Debug|Any CPU
		{35460A49-4083-49AE-A5D3-0F9F95910173}.Debug|iPhone.Build.0 = Debug|Any CPU
		{35460A49-4083-49AE-A5D3-0F9F95910173}.Debug|iPhoneSimulator.ActiveCfg = Debug|Any CPU
		{35460A49-4083-49AE-A5D3-0F9F95910173}.Debug|iPhoneSimulator.Build.0 = Debug|Any CPU
		{35460A49-4083-49AE-A5D3-0F9F95910173}.Debug|x64.ActiveCfg = Debug|Any CPU
		{35460A49-4083-49AE-A5D3-0F9F95910173}.Debug|x64.Build.0 = Debug|Any CPU
		{35460A49-4083-49AE-A5D3-0F9F95910173}.Debug|x86.ActiveCfg = Debug|Any CPU
		{35460A49-4083-49AE-A5D3-0F9F95910173}.Debug|x86.Build.0 = Debug|Any CPU
		{35460A49-4083-49AE-A5D3-0F9F95910173}.Release|Any CPU.ActiveCfg = Release|Any CPU
		{35460A49-4083-49AE-A5D3-0F9F95910173}.Release|Any CPU.Build.0 = Release|Any CPU
		{35460A49-4083-49AE-A5D3-0F9F95910173}.Release|ARM.ActiveCfg = Release|Any CPU
		{35460A49-4083-49AE-A5D3-0F9F95910173}.Release|ARM.Build.0 = Release|Any CPU
		{35460A49-4083-49AE-A5D3-0F9F95910173}.Release|iPhone.ActiveCfg = Release|Any CPU
		{35460A49-4083-49AE-A5D3-0F9F95910173}.Release|iPhone.Build.0 = Release|Any CPU
		{35460A49-4083-49AE-A5D3-0F9F95910173}.Release|iPhoneSimulator.ActiveCfg = Release|Any CPU
		{35460A49-4083-49AE-A5D3-0F9F95910173}.Release|iPhoneSimulator.Build.0 = Release|Any CPU
		{35460A49-4083-49AE-A5D3-0F9F95910173}.Release|x64.ActiveCfg = Release|Any CPU
		{35460A49-4083-49AE-A5D3-0F9F95910173}.Release|x64.Build.0 = Release|Any CPU
		{35460A49-4083-49AE-A5D3-0F9F95910173}.Release|x86.ActiveCfg = Release|Any CPU
		{35460A49-4083-49AE-A5D3-0F9F95910173}.Release|x86.Build.0 = Release|Any CPU
		{9C2B9B44-3503-4C62-A805-95ABB009D716}.Ad-Hoc|Any CPU.ActiveCfg = Release|Any CPU
		{9C2B9B44-3503-4C62-A805-95ABB009D716}.Ad-Hoc|Any CPU.Build.0 = Release|Any CPU
		{9C2B9B44-3503-4C62-A805-95ABB009D716}.Ad-Hoc|ARM.ActiveCfg = Release|Any CPU
		{9C2B9B44-3503-4C62-A805-95ABB009D716}.Ad-Hoc|ARM.Build.0 = Release|Any CPU
		{9C2B9B44-3503-4C62-A805-95ABB009D716}.Ad-Hoc|iPhone.ActiveCfg = Release|Any CPU
		{9C2B9B44-3503-4C62-A805-95ABB009D716}.Ad-Hoc|iPhone.Build.0 = Release|Any CPU
		{9C2B9B44-3503-4C62-A805-95ABB009D716}.Ad-Hoc|iPhoneSimulator.ActiveCfg = Release|Any CPU
		{9C2B9B44-3503-4C62-A805-95ABB009D716}.Ad-Hoc|iPhoneSimulator.Build.0 = Release|Any CPU
		{9C2B9B44-3503-4C62-A805-95ABB009D716}.Ad-Hoc|x64.ActiveCfg = Release|Any CPU
		{9C2B9B44-3503-4C62-A805-95ABB009D716}.Ad-Hoc|x64.Build.0 = Release|Any CPU
		{9C2B9B44-3503-4C62-A805-95ABB009D716}.Ad-Hoc|x86.ActiveCfg = Release|Any CPU
		{9C2B9B44-3503-4C62-A805-95ABB009D716}.Ad-Hoc|x86.Build.0 = Release|Any CPU
		{9C2B9B44-3503-4C62-A805-95ABB009D716}.AppStore|Any CPU.ActiveCfg = Release|Any CPU
		{9C2B9B44-3503-4C62-A805-95ABB009D716}.AppStore|Any CPU.Build.0 = Release|Any CPU
		{9C2B9B44-3503-4C62-A805-95ABB009D716}.AppStore|ARM.ActiveCfg = Release|Any CPU
		{9C2B9B44-3503-4C62-A805-95ABB009D716}.AppStore|ARM.Build.0 = Release|Any CPU
		{9C2B9B44-3503-4C62-A805-95ABB009D716}.AppStore|iPhone.ActiveCfg = Release|Any CPU
		{9C2B9B44-3503-4C62-A805-95ABB009D716}.AppStore|iPhone.Build.0 = Release|Any CPU
		{9C2B9B44-3503-4C62-A805-95ABB009D716}.AppStore|iPhoneSimulator.ActiveCfg = Release|Any CPU
		{9C2B9B44-3503-4C62-A805-95ABB009D716}.AppStore|iPhoneSimulator.Build.0 = Release|Any CPU
		{9C2B9B44-3503-4C62-A805-95ABB009D716}.AppStore|x64.ActiveCfg = Release|Any CPU
		{9C2B9B44-3503-4C62-A805-95ABB009D716}.AppStore|x64.Build.0 = Release|Any CPU
		{9C2B9B44-3503-4C62-A805-95ABB009D716}.AppStore|x86.ActiveCfg = Release|Any CPU
		{9C2B9B44-3503-4C62-A805-95ABB009D716}.AppStore|x86.Build.0 = Release|Any CPU
		{9C2B9B44-3503-4C62-A805-95ABB009D716}.Debug|Any CPU.ActiveCfg = Debug|Any CPU
		{9C2B9B44-3503-4C62-A805-95ABB009D716}.Debug|Any CPU.Build.0 = Debug|Any CPU
		{9C2B9B44-3503-4C62-A805-95ABB009D716}.Debug|ARM.ActiveCfg = Debug|Any CPU
		{9C2B9B44-3503-4C62-A805-95ABB009D716}.Debug|ARM.Build.0 = Debug|Any CPU
		{9C2B9B44-3503-4C62-A805-95ABB009D716}.Debug|iPhone.ActiveCfg = Debug|Any CPU
		{9C2B9B44-3503-4C62-A805-95ABB009D716}.Debug|iPhone.Build.0 = Debug|Any CPU
		{9C2B9B44-3503-4C62-A805-95ABB009D716}.Debug|iPhoneSimulator.ActiveCfg = Debug|Any CPU
		{9C2B9B44-3503-4C62-A805-95ABB009D716}.Debug|iPhoneSimulator.Build.0 = Debug|Any CPU
		{9C2B9B44-3503-4C62-A805-95ABB009D716}.Debug|x64.ActiveCfg = Debug|Any CPU
		{9C2B9B44-3503-4C62-A805-95ABB009D716}.Debug|x64.Build.0 = Debug|Any CPU
		{9C2B9B44-3503-4C62-A805-95ABB009D716}.Debug|x86.ActiveCfg = Debug|Any CPU
		{9C2B9B44-3503-4C62-A805-95ABB009D716}.Debug|x86.Build.0 = Debug|Any CPU
		{9C2B9B44-3503-4C62-A805-95ABB009D716}.Release|Any CPU.ActiveCfg = Release|Any CPU
		{9C2B9B44-3503-4C62-A805-95ABB009D716}.Release|Any CPU.Build.0 = Release|Any CPU
		{9C2B9B44-3503-4C62-A805-95ABB009D716}.Release|ARM.ActiveCfg = Release|Any CPU
		{9C2B9B44-3503-4C62-A805-95ABB009D716}.Release|ARM.Build.0 = Release|Any CPU
		{9C2B9B44-3503-4C62-A805-95ABB009D716}.Release|iPhone.ActiveCfg = Release|Any CPU
		{9C2B9B44-3503-4C62-A805-95ABB009D716}.Release|iPhone.Build.0 = Release|Any CPU
		{9C2B9B44-3503-4C62-A805-95ABB009D716}.Release|iPhoneSimulator.ActiveCfg = Release|Any CPU
		{9C2B9B44-3503-4C62-A805-95ABB009D716}.Release|iPhoneSimulator.Build.0 = Release|Any CPU
		{9C2B9B44-3503-4C62-A805-95ABB009D716}.Release|x64.ActiveCfg = Release|Any CPU
		{9C2B9B44-3503-4C62-A805-95ABB009D716}.Release|x64.Build.0 = Release|Any CPU
		{9C2B9B44-3503-4C62-A805-95ABB009D716}.Release|x86.ActiveCfg = Release|Any CPU
		{9C2B9B44-3503-4C62-A805-95ABB009D716}.Release|x86.Build.0 = Release|Any CPU
		{96DE8F81-D53D-491D-AC3F-DF3BBDF61EC2}.Ad-Hoc|Any CPU.ActiveCfg = Release|Any CPU
		{96DE8F81-D53D-491D-AC3F-DF3BBDF61EC2}.Ad-Hoc|Any CPU.Build.0 = Release|Any CPU
		{96DE8F81-D53D-491D-AC3F-DF3BBDF61EC2}.Ad-Hoc|ARM.ActiveCfg = Release|Any CPU
		{96DE8F81-D53D-491D-AC3F-DF3BBDF61EC2}.Ad-Hoc|ARM.Build.0 = Release|Any CPU
		{96DE8F81-D53D-491D-AC3F-DF3BBDF61EC2}.Ad-Hoc|iPhone.ActiveCfg = Release|Any CPU
		{96DE8F81-D53D-491D-AC3F-DF3BBDF61EC2}.Ad-Hoc|iPhone.Build.0 = Release|Any CPU
		{96DE8F81-D53D-491D-AC3F-DF3BBDF61EC2}.Ad-Hoc|iPhoneSimulator.ActiveCfg = Release|Any CPU
		{96DE8F81-D53D-491D-AC3F-DF3BBDF61EC2}.Ad-Hoc|iPhoneSimulator.Build.0 = Release|Any CPU
		{96DE8F81-D53D-491D-AC3F-DF3BBDF61EC2}.Ad-Hoc|x64.ActiveCfg = Release|Any CPU
		{96DE8F81-D53D-491D-AC3F-DF3BBDF61EC2}.Ad-Hoc|x64.Build.0 = Release|Any CPU
		{96DE8F81-D53D-491D-AC3F-DF3BBDF61EC2}.Ad-Hoc|x86.ActiveCfg = Release|Any CPU
		{96DE8F81-D53D-491D-AC3F-DF3BBDF61EC2}.Ad-Hoc|x86.Build.0 = Release|Any CPU
		{96DE8F81-D53D-491D-AC3F-DF3BBDF61EC2}.AppStore|Any CPU.ActiveCfg = Release|Any CPU
		{96DE8F81-D53D-491D-AC3F-DF3BBDF61EC2}.AppStore|Any CPU.Build.0 = Release|Any CPU
		{96DE8F81-D53D-491D-AC3F-DF3BBDF61EC2}.AppStore|ARM.ActiveCfg = Release|Any CPU
		{96DE8F81-D53D-491D-AC3F-DF3BBDF61EC2}.AppStore|ARM.Build.0 = Release|Any CPU
		{96DE8F81-D53D-491D-AC3F-DF3BBDF61EC2}.AppStore|iPhone.ActiveCfg = Release|Any CPU
		{96DE8F81-D53D-491D-AC3F-DF3BBDF61EC2}.AppStore|iPhone.Build.0 = Release|Any CPU
		{96DE8F81-D53D-491D-AC3F-DF3BBDF61EC2}.AppStore|iPhoneSimulator.ActiveCfg = Release|Any CPU
		{96DE8F81-D53D-491D-AC3F-DF3BBDF61EC2}.AppStore|iPhoneSimulator.Build.0 = Release|Any CPU
		{96DE8F81-D53D-491D-AC3F-DF3BBDF61EC2}.AppStore|x64.ActiveCfg = Release|Any CPU
		{96DE8F81-D53D-491D-AC3F-DF3BBDF61EC2}.AppStore|x64.Build.0 = Release|Any CPU
		{96DE8F81-D53D-491D-AC3F-DF3BBDF61EC2}.AppStore|x86.ActiveCfg = Release|Any CPU
		{96DE8F81-D53D-491D-AC3F-DF3BBDF61EC2}.AppStore|x86.Build.0 = Release|Any CPU
		{96DE8F81-D53D-491D-AC3F-DF3BBDF61EC2}.Debug|Any CPU.ActiveCfg = Debug|Any CPU
		{96DE8F81-D53D-491D-AC3F-DF3BBDF61EC2}.Debug|Any CPU.Build.0 = Debug|Any CPU
		{96DE8F81-D53D-491D-AC3F-DF3BBDF61EC2}.Debug|ARM.ActiveCfg = Debug|Any CPU
		{96DE8F81-D53D-491D-AC3F-DF3BBDF61EC2}.Debug|ARM.Build.0 = Debug|Any CPU
		{96DE8F81-D53D-491D-AC3F-DF3BBDF61EC2}.Debug|iPhone.ActiveCfg = Debug|Any CPU
		{96DE8F81-D53D-491D-AC3F-DF3BBDF61EC2}.Debug|iPhone.Build.0 = Debug|Any CPU
		{96DE8F81-D53D-491D-AC3F-DF3BBDF61EC2}.Debug|iPhoneSimulator.ActiveCfg = Debug|Any CPU
		{96DE8F81-D53D-491D-AC3F-DF3BBDF61EC2}.Debug|iPhoneSimulator.Build.0 = Debug|Any CPU
		{96DE8F81-D53D-491D-AC3F-DF3BBDF61EC2}.Debug|x64.ActiveCfg = Debug|Any CPU
		{96DE8F81-D53D-491D-AC3F-DF3BBDF61EC2}.Debug|x64.Build.0 = Debug|Any CPU
		{96DE8F81-D53D-491D-AC3F-DF3BBDF61EC2}.Debug|x86.ActiveCfg = Debug|Any CPU
		{96DE8F81-D53D-491D-AC3F-DF3BBDF61EC2}.Debug|x86.Build.0 = Debug|Any CPU
		{96DE8F81-D53D-491D-AC3F-DF3BBDF61EC2}.Release|Any CPU.ActiveCfg = Release|Any CPU
		{96DE8F81-D53D-491D-AC3F-DF3BBDF61EC2}.Release|Any CPU.Build.0 = Release|Any CPU
		{96DE8F81-D53D-491D-AC3F-DF3BBDF61EC2}.Release|ARM.ActiveCfg = Release|Any CPU
		{96DE8F81-D53D-491D-AC3F-DF3BBDF61EC2}.Release|ARM.Build.0 = Release|Any CPU
		{96DE8F81-D53D-491D-AC3F-DF3BBDF61EC2}.Release|iPhone.ActiveCfg = Release|Any CPU
		{96DE8F81-D53D-491D-AC3F-DF3BBDF61EC2}.Release|iPhone.Build.0 = Release|Any CPU
		{96DE8F81-D53D-491D-AC3F-DF3BBDF61EC2}.Release|iPhoneSimulator.ActiveCfg = Release|Any CPU
		{96DE8F81-D53D-491D-AC3F-DF3BBDF61EC2}.Release|iPhoneSimulator.Build.0 = Release|Any CPU
		{96DE8F81-D53D-491D-AC3F-DF3BBDF61EC2}.Release|x64.ActiveCfg = Release|Any CPU
		{96DE8F81-D53D-491D-AC3F-DF3BBDF61EC2}.Release|x64.Build.0 = Release|Any CPU
		{96DE8F81-D53D-491D-AC3F-DF3BBDF61EC2}.Release|x86.ActiveCfg = Release|Any CPU
		{96DE8F81-D53D-491D-AC3F-DF3BBDF61EC2}.Release|x86.Build.0 = Release|Any CPU
		{80E507A8-0B16-4494-B39C-483E3E674BBC}.Ad-Hoc|Any CPU.ActiveCfg = Release|Any CPU
		{80E507A8-0B16-4494-B39C-483E3E674BBC}.Ad-Hoc|Any CPU.Build.0 = Release|Any CPU
		{80E507A8-0B16-4494-B39C-483E3E674BBC}.Ad-Hoc|ARM.ActiveCfg = Release|Any CPU
		{80E507A8-0B16-4494-B39C-483E3E674BBC}.Ad-Hoc|ARM.Build.0 = Release|Any CPU
		{80E507A8-0B16-4494-B39C-483E3E674BBC}.Ad-Hoc|iPhone.ActiveCfg = Release|Any CPU
		{80E507A8-0B16-4494-B39C-483E3E674BBC}.Ad-Hoc|iPhone.Build.0 = Release|Any CPU
		{80E507A8-0B16-4494-B39C-483E3E674BBC}.Ad-Hoc|iPhoneSimulator.ActiveCfg = Release|Any CPU
		{80E507A8-0B16-4494-B39C-483E3E674BBC}.Ad-Hoc|iPhoneSimulator.Build.0 = Release|Any CPU
		{80E507A8-0B16-4494-B39C-483E3E674BBC}.Ad-Hoc|x64.ActiveCfg = Release|Any CPU
		{80E507A8-0B16-4494-B39C-483E3E674BBC}.Ad-Hoc|x64.Build.0 = Release|Any CPU
		{80E507A8-0B16-4494-B39C-483E3E674BBC}.Ad-Hoc|x86.ActiveCfg = Release|Any CPU
		{80E507A8-0B16-4494-B39C-483E3E674BBC}.Ad-Hoc|x86.Build.0 = Release|Any CPU
		{80E507A8-0B16-4494-B39C-483E3E674BBC}.AppStore|Any CPU.ActiveCfg = Release|Any CPU
		{80E507A8-0B16-4494-B39C-483E3E674BBC}.AppStore|Any CPU.Build.0 = Release|Any CPU
		{80E507A8-0B16-4494-B39C-483E3E674BBC}.AppStore|ARM.ActiveCfg = Release|Any CPU
		{80E507A8-0B16-4494-B39C-483E3E674BBC}.AppStore|ARM.Build.0 = Release|Any CPU
		{80E507A8-0B16-4494-B39C-483E3E674BBC}.AppStore|iPhone.ActiveCfg = Release|Any CPU
		{80E507A8-0B16-4494-B39C-483E3E674BBC}.AppStore|iPhone.Build.0 = Release|Any CPU
		{80E507A8-0B16-4494-B39C-483E3E674BBC}.AppStore|iPhoneSimulator.ActiveCfg = Release|Any CPU
		{80E507A8-0B16-4494-B39C-483E3E674BBC}.AppStore|iPhoneSimulator.Build.0 = Release|Any CPU
		{80E507A8-0B16-4494-B39C-483E3E674BBC}.AppStore|x64.ActiveCfg = Release|Any CPU
		{80E507A8-0B16-4494-B39C-483E3E674BBC}.AppStore|x64.Build.0 = Release|Any CPU
		{80E507A8-0B16-4494-B39C-483E3E674BBC}.AppStore|x86.ActiveCfg = Release|Any CPU
		{80E507A8-0B16-4494-B39C-483E3E674BBC}.AppStore|x86.Build.0 = Release|Any CPU
		{80E507A8-0B16-4494-B39C-483E3E674BBC}.Debug|Any CPU.ActiveCfg = Debug|Any CPU
		{80E507A8-0B16-4494-B39C-483E3E674BBC}.Debug|Any CPU.Build.0 = Debug|Any CPU
		{80E507A8-0B16-4494-B39C-483E3E674BBC}.Debug|ARM.ActiveCfg = Debug|Any CPU
		{80E507A8-0B16-4494-B39C-483E3E674BBC}.Debug|ARM.Build.0 = Debug|Any CPU
		{80E507A8-0B16-4494-B39C-483E3E674BBC}.Debug|iPhone.ActiveCfg = Debug|Any CPU
		{80E507A8-0B16-4494-B39C-483E3E674BBC}.Debug|iPhone.Build.0 = Debug|Any CPU
		{80E507A8-0B16-4494-B39C-483E3E674BBC}.Debug|iPhoneSimulator.ActiveCfg = Debug|Any CPU
		{80E507A8-0B16-4494-B39C-483E3E674BBC}.Debug|iPhoneSimulator.Build.0 = Debug|Any CPU
		{80E507A8-0B16-4494-B39C-483E3E674BBC}.Debug|x64.ActiveCfg = Debug|Any CPU
		{80E507A8-0B16-4494-B39C-483E3E674BBC}.Debug|x64.Build.0 = Debug|Any CPU
		{80E507A8-0B16-4494-B39C-483E3E674BBC}.Debug|x86.ActiveCfg = Debug|Any CPU
		{80E507A8-0B16-4494-B39C-483E3E674BBC}.Debug|x86.Build.0 = Debug|Any CPU
		{80E507A8-0B16-4494-B39C-483E3E674BBC}.Release|Any CPU.ActiveCfg = Release|Any CPU
		{80E507A8-0B16-4494-B39C-483E3E674BBC}.Release|Any CPU.Build.0 = Release|Any CPU
		{80E507A8-0B16-4494-B39C-483E3E674BBC}.Release|ARM.ActiveCfg = Release|Any CPU
		{80E507A8-0B16-4494-B39C-483E3E674BBC}.Release|ARM.Build.0 = Release|Any CPU
		{80E507A8-0B16-4494-B39C-483E3E674BBC}.Release|iPhone.ActiveCfg = Release|Any CPU
		{80E507A8-0B16-4494-B39C-483E3E674BBC}.Release|iPhone.Build.0 = Release|Any CPU
		{80E507A8-0B16-4494-B39C-483E3E674BBC}.Release|iPhoneSimulator.ActiveCfg = Release|Any CPU
		{80E507A8-0B16-4494-B39C-483E3E674BBC}.Release|iPhoneSimulator.Build.0 = Release|Any CPU
		{80E507A8-0B16-4494-B39C-483E3E674BBC}.Release|x64.ActiveCfg = Release|Any CPU
		{80E507A8-0B16-4494-B39C-483E3E674BBC}.Release|x64.Build.0 = Release|Any CPU
		{80E507A8-0B16-4494-B39C-483E3E674BBC}.Release|x86.ActiveCfg = Release|Any CPU
		{80E507A8-0B16-4494-B39C-483E3E674BBC}.Release|x86.Build.0 = Release|Any CPU
		{C469329E-76BF-4364-ABAA-37D1689479D3}.Ad-Hoc|Any CPU.ActiveCfg = Release|Any CPU
		{C469329E-76BF-4364-ABAA-37D1689479D3}.Ad-Hoc|Any CPU.Build.0 = Release|Any CPU
		{C469329E-76BF-4364-ABAA-37D1689479D3}.Ad-Hoc|Any CPU.Deploy.0 = Release|Any CPU
		{C469329E-76BF-4364-ABAA-37D1689479D3}.Ad-Hoc|ARM.ActiveCfg = Release|Any CPU
		{C469329E-76BF-4364-ABAA-37D1689479D3}.Ad-Hoc|ARM.Build.0 = Release|Any CPU
		{C469329E-76BF-4364-ABAA-37D1689479D3}.Ad-Hoc|ARM.Deploy.0 = Release|Any CPU
		{C469329E-76BF-4364-ABAA-37D1689479D3}.Ad-Hoc|iPhone.ActiveCfg = Release|Any CPU
		{C469329E-76BF-4364-ABAA-37D1689479D3}.Ad-Hoc|iPhone.Build.0 = Release|Any CPU
		{C469329E-76BF-4364-ABAA-37D1689479D3}.Ad-Hoc|iPhone.Deploy.0 = Release|Any CPU
		{C469329E-76BF-4364-ABAA-37D1689479D3}.Ad-Hoc|iPhoneSimulator.ActiveCfg = Release|Any CPU
		{C469329E-76BF-4364-ABAA-37D1689479D3}.Ad-Hoc|iPhoneSimulator.Build.0 = Release|Any CPU
		{C469329E-76BF-4364-ABAA-37D1689479D3}.Ad-Hoc|iPhoneSimulator.Deploy.0 = Release|Any CPU
		{C469329E-76BF-4364-ABAA-37D1689479D3}.Ad-Hoc|x64.ActiveCfg = Release|Any CPU
		{C469329E-76BF-4364-ABAA-37D1689479D3}.Ad-Hoc|x64.Build.0 = Release|Any CPU
		{C469329E-76BF-4364-ABAA-37D1689479D3}.Ad-Hoc|x64.Deploy.0 = Release|Any CPU
		{C469329E-76BF-4364-ABAA-37D1689479D3}.Ad-Hoc|x86.ActiveCfg = Release|Any CPU
		{C469329E-76BF-4364-ABAA-37D1689479D3}.Ad-Hoc|x86.Build.0 = Release|Any CPU
		{C469329E-76BF-4364-ABAA-37D1689479D3}.Ad-Hoc|x86.Deploy.0 = Release|Any CPU
		{C469329E-76BF-4364-ABAA-37D1689479D3}.AppStore|Any CPU.ActiveCfg = Release|Any CPU
		{C469329E-76BF-4364-ABAA-37D1689479D3}.AppStore|Any CPU.Build.0 = Release|Any CPU
		{C469329E-76BF-4364-ABAA-37D1689479D3}.AppStore|Any CPU.Deploy.0 = Release|Any CPU
		{C469329E-76BF-4364-ABAA-37D1689479D3}.AppStore|ARM.ActiveCfg = Release|Any CPU
		{C469329E-76BF-4364-ABAA-37D1689479D3}.AppStore|ARM.Build.0 = Release|Any CPU
		{C469329E-76BF-4364-ABAA-37D1689479D3}.AppStore|ARM.Deploy.0 = Release|Any CPU
		{C469329E-76BF-4364-ABAA-37D1689479D3}.AppStore|iPhone.ActiveCfg = Release|Any CPU
		{C469329E-76BF-4364-ABAA-37D1689479D3}.AppStore|iPhone.Build.0 = Release|Any CPU
		{C469329E-76BF-4364-ABAA-37D1689479D3}.AppStore|iPhone.Deploy.0 = Release|Any CPU
		{C469329E-76BF-4364-ABAA-37D1689479D3}.AppStore|iPhoneSimulator.ActiveCfg = Release|Any CPU
		{C469329E-76BF-4364-ABAA-37D1689479D3}.AppStore|iPhoneSimulator.Build.0 = Release|Any CPU
		{C469329E-76BF-4364-ABAA-37D1689479D3}.AppStore|iPhoneSimulator.Deploy.0 = Release|Any CPU
		{C469329E-76BF-4364-ABAA-37D1689479D3}.AppStore|x64.ActiveCfg = Release|Any CPU
		{C469329E-76BF-4364-ABAA-37D1689479D3}.AppStore|x64.Build.0 = Release|Any CPU
		{C469329E-76BF-4364-ABAA-37D1689479D3}.AppStore|x64.Deploy.0 = Release|Any CPU
		{C469329E-76BF-4364-ABAA-37D1689479D3}.AppStore|x86.ActiveCfg = Release|Any CPU
		{C469329E-76BF-4364-ABAA-37D1689479D3}.AppStore|x86.Build.0 = Release|Any CPU
		{C469329E-76BF-4364-ABAA-37D1689479D3}.AppStore|x86.Deploy.0 = Release|Any CPU
		{C469329E-76BF-4364-ABAA-37D1689479D3}.Debug|Any CPU.ActiveCfg = Debug|Any CPU
		{C469329E-76BF-4364-ABAA-37D1689479D3}.Debug|Any CPU.Build.0 = Debug|Any CPU
		{C469329E-76BF-4364-ABAA-37D1689479D3}.Debug|Any CPU.Deploy.0 = Debug|Any CPU
		{C469329E-76BF-4364-ABAA-37D1689479D3}.Debug|ARM.ActiveCfg = Debug|Any CPU
		{C469329E-76BF-4364-ABAA-37D1689479D3}.Debug|ARM.Build.0 = Debug|Any CPU
		{C469329E-76BF-4364-ABAA-37D1689479D3}.Debug|ARM.Deploy.0 = Debug|Any CPU
		{C469329E-76BF-4364-ABAA-37D1689479D3}.Debug|iPhone.ActiveCfg = Debug|Any CPU
		{C469329E-76BF-4364-ABAA-37D1689479D3}.Debug|iPhone.Build.0 = Debug|Any CPU
		{C469329E-76BF-4364-ABAA-37D1689479D3}.Debug|iPhone.Deploy.0 = Debug|Any CPU
		{C469329E-76BF-4364-ABAA-37D1689479D3}.Debug|iPhoneSimulator.ActiveCfg = Debug|Any CPU
		{C469329E-76BF-4364-ABAA-37D1689479D3}.Debug|iPhoneSimulator.Build.0 = Debug|Any CPU
		{C469329E-76BF-4364-ABAA-37D1689479D3}.Debug|iPhoneSimulator.Deploy.0 = Debug|Any CPU
		{C469329E-76BF-4364-ABAA-37D1689479D3}.Debug|x64.ActiveCfg = Debug|Any CPU
		{C469329E-76BF-4364-ABAA-37D1689479D3}.Debug|x64.Build.0 = Debug|Any CPU
		{C469329E-76BF-4364-ABAA-37D1689479D3}.Debug|x64.Deploy.0 = Debug|Any CPU
		{C469329E-76BF-4364-ABAA-37D1689479D3}.Debug|x86.ActiveCfg = Debug|Any CPU
		{C469329E-76BF-4364-ABAA-37D1689479D3}.Debug|x86.Build.0 = Debug|Any CPU
		{C469329E-76BF-4364-ABAA-37D1689479D3}.Debug|x86.Deploy.0 = Debug|Any CPU
		{C469329E-76BF-4364-ABAA-37D1689479D3}.Release|Any CPU.ActiveCfg = Release|Any CPU
		{C469329E-76BF-4364-ABAA-37D1689479D3}.Release|Any CPU.Build.0 = Release|Any CPU
		{C469329E-76BF-4364-ABAA-37D1689479D3}.Release|Any CPU.Deploy.0 = Release|Any CPU
		{C469329E-76BF-4364-ABAA-37D1689479D3}.Release|ARM.ActiveCfg = Release|Any CPU
		{C469329E-76BF-4364-ABAA-37D1689479D3}.Release|ARM.Build.0 = Release|Any CPU
		{C469329E-76BF-4364-ABAA-37D1689479D3}.Release|ARM.Deploy.0 = Release|Any CPU
		{C469329E-76BF-4364-ABAA-37D1689479D3}.Release|iPhone.ActiveCfg = Release|Any CPU
		{C469329E-76BF-4364-ABAA-37D1689479D3}.Release|iPhone.Build.0 = Release|Any CPU
		{C469329E-76BF-4364-ABAA-37D1689479D3}.Release|iPhone.Deploy.0 = Release|Any CPU
		{C469329E-76BF-4364-ABAA-37D1689479D3}.Release|iPhoneSimulator.ActiveCfg = Release|Any CPU
		{C469329E-76BF-4364-ABAA-37D1689479D3}.Release|iPhoneSimulator.Build.0 = Release|Any CPU
		{C469329E-76BF-4364-ABAA-37D1689479D3}.Release|iPhoneSimulator.Deploy.0 = Release|Any CPU
		{C469329E-76BF-4364-ABAA-37D1689479D3}.Release|x64.ActiveCfg = Release|Any CPU
		{C469329E-76BF-4364-ABAA-37D1689479D3}.Release|x64.Build.0 = Release|Any CPU
		{C469329E-76BF-4364-ABAA-37D1689479D3}.Release|x64.Deploy.0 = Release|Any CPU
		{C469329E-76BF-4364-ABAA-37D1689479D3}.Release|x86.ActiveCfg = Release|Any CPU
		{C469329E-76BF-4364-ABAA-37D1689479D3}.Release|x86.Build.0 = Release|Any CPU
		{C469329E-76BF-4364-ABAA-37D1689479D3}.Release|x86.Deploy.0 = Release|Any CPU
		{993EF96E-8C40-4454-84B2-370E1234EE00}.Ad-Hoc|Any CPU.ActiveCfg = Ad-Hoc|iPhone
		{993EF96E-8C40-4454-84B2-370E1234EE00}.Ad-Hoc|ARM.ActiveCfg = Ad-Hoc|iPhone
		{993EF96E-8C40-4454-84B2-370E1234EE00}.Ad-Hoc|iPhone.ActiveCfg = Ad-Hoc|iPhone
		{993EF96E-8C40-4454-84B2-370E1234EE00}.Ad-Hoc|iPhone.Build.0 = Ad-Hoc|iPhone
		{993EF96E-8C40-4454-84B2-370E1234EE00}.Ad-Hoc|iPhoneSimulator.ActiveCfg = Ad-Hoc|iPhoneSimulator
		{993EF96E-8C40-4454-84B2-370E1234EE00}.Ad-Hoc|iPhoneSimulator.Build.0 = Ad-Hoc|iPhoneSimulator
		{993EF96E-8C40-4454-84B2-370E1234EE00}.Ad-Hoc|x64.ActiveCfg = Ad-Hoc|iPhone
		{993EF96E-8C40-4454-84B2-370E1234EE00}.Ad-Hoc|x86.ActiveCfg = Ad-Hoc|iPhone
		{993EF96E-8C40-4454-84B2-370E1234EE00}.AppStore|Any CPU.ActiveCfg = AppStore|iPhone
		{993EF96E-8C40-4454-84B2-370E1234EE00}.AppStore|ARM.ActiveCfg = AppStore|iPhone
		{993EF96E-8C40-4454-84B2-370E1234EE00}.AppStore|iPhone.ActiveCfg = AppStore|iPhone
		{993EF96E-8C40-4454-84B2-370E1234EE00}.AppStore|iPhone.Build.0 = AppStore|iPhone
		{993EF96E-8C40-4454-84B2-370E1234EE00}.AppStore|iPhoneSimulator.ActiveCfg = AppStore|iPhoneSimulator
		{993EF96E-8C40-4454-84B2-370E1234EE00}.AppStore|iPhoneSimulator.Build.0 = AppStore|iPhoneSimulator
		{993EF96E-8C40-4454-84B2-370E1234EE00}.AppStore|x64.ActiveCfg = AppStore|iPhone
		{993EF96E-8C40-4454-84B2-370E1234EE00}.AppStore|x86.ActiveCfg = AppStore|iPhone
		{993EF96E-8C40-4454-84B2-370E1234EE00}.Debug|Any CPU.ActiveCfg = Debug|iPhone
		{993EF96E-8C40-4454-84B2-370E1234EE00}.Debug|ARM.ActiveCfg = Debug|iPhone
		{993EF96E-8C40-4454-84B2-370E1234EE00}.Debug|iPhone.ActiveCfg = Debug|iPhone
		{993EF96E-8C40-4454-84B2-370E1234EE00}.Debug|iPhone.Build.0 = Debug|iPhone
		{993EF96E-8C40-4454-84B2-370E1234EE00}.Debug|iPhoneSimulator.ActiveCfg = Debug|iPhoneSimulator
		{993EF96E-8C40-4454-84B2-370E1234EE00}.Debug|iPhoneSimulator.Build.0 = Debug|iPhoneSimulator
		{993EF96E-8C40-4454-84B2-370E1234EE00}.Debug|x64.ActiveCfg = Debug|iPhone
		{993EF96E-8C40-4454-84B2-370E1234EE00}.Debug|x86.ActiveCfg = Debug|iPhone
		{993EF96E-8C40-4454-84B2-370E1234EE00}.Release|Any CPU.ActiveCfg = Release|iPhone
		{993EF96E-8C40-4454-84B2-370E1234EE00}.Release|ARM.ActiveCfg = Release|iPhone
		{993EF96E-8C40-4454-84B2-370E1234EE00}.Release|iPhone.ActiveCfg = Release|iPhone
		{993EF96E-8C40-4454-84B2-370E1234EE00}.Release|iPhone.Build.0 = Release|iPhone
		{993EF96E-8C40-4454-84B2-370E1234EE00}.Release|iPhoneSimulator.ActiveCfg = Release|iPhoneSimulator
		{993EF96E-8C40-4454-84B2-370E1234EE00}.Release|iPhoneSimulator.Build.0 = Release|iPhoneSimulator
		{993EF96E-8C40-4454-84B2-370E1234EE00}.Release|x64.ActiveCfg = Release|iPhone
		{993EF96E-8C40-4454-84B2-370E1234EE00}.Release|x86.ActiveCfg = Release|iPhone
		{51F726CA-E8F6-4A3B-84FA-D05E07187AA9}.Ad-Hoc|Any CPU.ActiveCfg = Release|x86
		{51F726CA-E8F6-4A3B-84FA-D05E07187AA9}.Ad-Hoc|Any CPU.Build.0 = Release|x86
		{51F726CA-E8F6-4A3B-84FA-D05E07187AA9}.Ad-Hoc|Any CPU.Deploy.0 = Release|x86
		{51F726CA-E8F6-4A3B-84FA-D05E07187AA9}.Ad-Hoc|ARM.ActiveCfg = Release|ARM
		{51F726CA-E8F6-4A3B-84FA-D05E07187AA9}.Ad-Hoc|ARM.Build.0 = Release|ARM
		{51F726CA-E8F6-4A3B-84FA-D05E07187AA9}.Ad-Hoc|ARM.Deploy.0 = Release|ARM
		{51F726CA-E8F6-4A3B-84FA-D05E07187AA9}.Ad-Hoc|iPhone.ActiveCfg = Release|x86
		{51F726CA-E8F6-4A3B-84FA-D05E07187AA9}.Ad-Hoc|iPhone.Build.0 = Release|x86
		{51F726CA-E8F6-4A3B-84FA-D05E07187AA9}.Ad-Hoc|iPhone.Deploy.0 = Release|x86
		{51F726CA-E8F6-4A3B-84FA-D05E07187AA9}.Ad-Hoc|iPhoneSimulator.ActiveCfg = Release|x86
		{51F726CA-E8F6-4A3B-84FA-D05E07187AA9}.Ad-Hoc|iPhoneSimulator.Build.0 = Release|x86
		{51F726CA-E8F6-4A3B-84FA-D05E07187AA9}.Ad-Hoc|iPhoneSimulator.Deploy.0 = Release|x86
		{51F726CA-E8F6-4A3B-84FA-D05E07187AA9}.Ad-Hoc|x64.ActiveCfg = Release|x64
		{51F726CA-E8F6-4A3B-84FA-D05E07187AA9}.Ad-Hoc|x64.Build.0 = Release|x64
		{51F726CA-E8F6-4A3B-84FA-D05E07187AA9}.Ad-Hoc|x64.Deploy.0 = Release|x64
		{51F726CA-E8F6-4A3B-84FA-D05E07187AA9}.Ad-Hoc|x86.ActiveCfg = Release|x86
		{51F726CA-E8F6-4A3B-84FA-D05E07187AA9}.Ad-Hoc|x86.Build.0 = Release|x86
		{51F726CA-E8F6-4A3B-84FA-D05E07187AA9}.Ad-Hoc|x86.Deploy.0 = Release|x86
		{51F726CA-E8F6-4A3B-84FA-D05E07187AA9}.AppStore|Any CPU.ActiveCfg = Release|x86
		{51F726CA-E8F6-4A3B-84FA-D05E07187AA9}.AppStore|Any CPU.Build.0 = Release|x86
		{51F726CA-E8F6-4A3B-84FA-D05E07187AA9}.AppStore|Any CPU.Deploy.0 = Release|x86
		{51F726CA-E8F6-4A3B-84FA-D05E07187AA9}.AppStore|ARM.ActiveCfg = Release|ARM
		{51F726CA-E8F6-4A3B-84FA-D05E07187AA9}.AppStore|ARM.Build.0 = Release|ARM
		{51F726CA-E8F6-4A3B-84FA-D05E07187AA9}.AppStore|ARM.Deploy.0 = Release|ARM
		{51F726CA-E8F6-4A3B-84FA-D05E07187AA9}.AppStore|iPhone.ActiveCfg = Release|x86
		{51F726CA-E8F6-4A3B-84FA-D05E07187AA9}.AppStore|iPhone.Build.0 = Release|x86
		{51F726CA-E8F6-4A3B-84FA-D05E07187AA9}.AppStore|iPhone.Deploy.0 = Release|x86
		{51F726CA-E8F6-4A3B-84FA-D05E07187AA9}.AppStore|iPhoneSimulator.ActiveCfg = Release|x86
		{51F726CA-E8F6-4A3B-84FA-D05E07187AA9}.AppStore|iPhoneSimulator.Build.0 = Release|x86
		{51F726CA-E8F6-4A3B-84FA-D05E07187AA9}.AppStore|iPhoneSimulator.Deploy.0 = Release|x86
		{51F726CA-E8F6-4A3B-84FA-D05E07187AA9}.AppStore|x64.ActiveCfg = Release|x64
		{51F726CA-E8F6-4A3B-84FA-D05E07187AA9}.AppStore|x64.Build.0 = Release|x64
		{51F726CA-E8F6-4A3B-84FA-D05E07187AA9}.AppStore|x64.Deploy.0 = Release|x64
		{51F726CA-E8F6-4A3B-84FA-D05E07187AA9}.AppStore|x86.ActiveCfg = Release|x86
		{51F726CA-E8F6-4A3B-84FA-D05E07187AA9}.AppStore|x86.Build.0 = Release|x86
		{51F726CA-E8F6-4A3B-84FA-D05E07187AA9}.AppStore|x86.Deploy.0 = Release|x86
		{51F726CA-E8F6-4A3B-84FA-D05E07187AA9}.Debug|Any CPU.ActiveCfg = Debug|x86
		{51F726CA-E8F6-4A3B-84FA-D05E07187AA9}.Debug|ARM.ActiveCfg = Debug|ARM
		{51F726CA-E8F6-4A3B-84FA-D05E07187AA9}.Debug|ARM.Build.0 = Debug|ARM
		{51F726CA-E8F6-4A3B-84FA-D05E07187AA9}.Debug|ARM.Deploy.0 = Debug|ARM
		{51F726CA-E8F6-4A3B-84FA-D05E07187AA9}.Debug|iPhone.ActiveCfg = Debug|x86
		{51F726CA-E8F6-4A3B-84FA-D05E07187AA9}.Debug|iPhoneSimulator.ActiveCfg = Debug|x86
		{51F726CA-E8F6-4A3B-84FA-D05E07187AA9}.Debug|x64.ActiveCfg = Debug|x64
		{51F726CA-E8F6-4A3B-84FA-D05E07187AA9}.Debug|x64.Build.0 = Debug|x64
		{51F726CA-E8F6-4A3B-84FA-D05E07187AA9}.Debug|x64.Deploy.0 = Debug|x64
		{51F726CA-E8F6-4A3B-84FA-D05E07187AA9}.Debug|x86.ActiveCfg = Debug|x86
		{51F726CA-E8F6-4A3B-84FA-D05E07187AA9}.Debug|x86.Build.0 = Debug|x86
		{51F726CA-E8F6-4A3B-84FA-D05E07187AA9}.Debug|x86.Deploy.0 = Debug|x86
		{51F726CA-E8F6-4A3B-84FA-D05E07187AA9}.Release|Any CPU.ActiveCfg = Release|x86
		{51F726CA-E8F6-4A3B-84FA-D05E07187AA9}.Release|ARM.ActiveCfg = Release|ARM
		{51F726CA-E8F6-4A3B-84FA-D05E07187AA9}.Release|ARM.Build.0 = Release|ARM
		{51F726CA-E8F6-4A3B-84FA-D05E07187AA9}.Release|ARM.Deploy.0 = Release|ARM
		{51F726CA-E8F6-4A3B-84FA-D05E07187AA9}.Release|iPhone.ActiveCfg = Release|x86
		{51F726CA-E8F6-4A3B-84FA-D05E07187AA9}.Release|iPhoneSimulator.ActiveCfg = Release|x86
		{51F726CA-E8F6-4A3B-84FA-D05E07187AA9}.Release|x64.ActiveCfg = Release|x64
		{51F726CA-E8F6-4A3B-84FA-D05E07187AA9}.Release|x64.Build.0 = Release|x64
		{51F726CA-E8F6-4A3B-84FA-D05E07187AA9}.Release|x64.Deploy.0 = Release|x64
		{51F726CA-E8F6-4A3B-84FA-D05E07187AA9}.Release|x86.ActiveCfg = Release|x86
		{51F726CA-E8F6-4A3B-84FA-D05E07187AA9}.Release|x86.Build.0 = Release|x86
		{51F726CA-E8F6-4A3B-84FA-D05E07187AA9}.Release|x86.Deploy.0 = Release|x86
	EndGlobalSection
	GlobalSection(SolutionProperties) = preSolution
		HideSolutionNode = FALSE
	EndGlobalSection
	GlobalSection(NestedProjects) = preSolution
		{80E507A8-0B16-4494-B39C-483E3E674BBC} = {F70CF487-4C03-4674-904F-193BDE09FF21}
		{C469329E-76BF-4364-ABAA-37D1689479D3} = {F70CF487-4C03-4674-904F-193BDE09FF21}
		{993EF96E-8C40-4454-84B2-370E1234EE00} = {F70CF487-4C03-4674-904F-193BDE09FF21}
		{51F726CA-E8F6-4A3B-84FA-D05E07187AA9} = {F70CF487-4C03-4674-904F-193BDE09FF21}
	EndGlobalSection
EndGlobal
