
Microsoft Visual Studio Solution File, Format Version 12.00
# Visual Studio 14
VisualStudioVersion = 14.0.25420.1
MinimumVisualStudioVersion = 10.0.40219.1
Project("{FAE04EC0-301F-11D3-BF4B-00C04F79EFBC}") = "LocationWarning.Droid", "LocationWarning\LocationWarning.Droid\LocationWarning.Droid.csproj", "{D38F2E4C-C57A-4826-B77C-7E16B6E3FC1F}"
EndProject
Project("{FAE04EC0-301F-11D3-BF4B-00C04F79EFBC}") = "LocationWarning.iOS", "LocationWarning\LocationWarning.iOS\LocationWarning.iOS.csproj", "{5C63A91A-B5B7-46F7-B4A1-100C02698E2F}"
EndProject
Project("{FAE04EC0-301F-11D3-BF4B-00C04F79EFBC}") = "LocationWarning", "LocationWarning\LocationWarning\LocationWarning.csproj", "{89381639-B2BE-4A70-8029-0FB74A370D12}"
EndProject
Project("{FAE04EC0-301F-11D3-BF4B-00C04F79EFBC}") = "LocationWarnings.Services.Locations", "LocationWarnings.Services.Locations\LocationWarnings.Services.Locations.csproj", "{93EB905A-6357-4FA5-B805-15319169F906}"
EndProject
Project("{FAE04EC0-301F-11D3-BF4B-00C04F79EFBC}") = "LocationWarnings.Services.Locations.NGeoNames", "LocationWarnings.Services.Locations.NGeoNames\LocationWarnings.Services.Locations.NGeoNames.csproj", "{DEED2070-D5FF-4A79-983D-1F21B9592DA7}"
EndProject
Project("{2150E333-8FDC-42A3-9474-1A3956D46DE8}") = "Solution Items", "Solution Items", "{CB6E3509-6EE9-4D82-A3D0-11DC13124345}"
	ProjectSection(SolutionItems) = preProject
		build.cake = build.cake
		build.cmd = build.cmd
		nuspec\FleetComplete.Geocoder.NGeoNames.nuspec = nuspec\FleetComplete.Geocoder.NGeoNames.nuspec
		nuspec\FleetComplete.Geocoder.nuspec = nuspec\FleetComplete.Geocoder.nuspec
		lib\KdTreeLib.Pcl.dll = lib\KdTreeLib.Pcl.dll
		LICENSE.md = LICENSE.md
		lib\NGeoNames.dll = lib\NGeoNames.dll
		nuspec\nuget.exe = nuspec\nuget.exe
		nuspec\pack.cmd = nuspec\pack.cmd
		nuspec\push.cmd = nuspec\push.cmd
		README.md = README.md
	EndProjectSection
EndProject
Project("{FAE04EC0-301F-11D3-BF4B-00C04F79EFBC}") = "FleetComplete.Geocoder", "FleetComplete.Geocoder\FleetComplete.Geocoder.csproj", "{35460A49-4083-49AE-A5D3-0F9F95910173}"
EndProject
Project("{FAE04EC0-301F-11D3-BF4B-00C04F79EFBC}") = "FleetComplete.Geocoder.NGeoNames", "FleetComplete.Geocoder.NGeoNames\FleetComplete.Geocoder.NGeoNames.csproj", "{9C2B9B44-3503-4C62-A805-95ABB009D716}"
EndProject
Project("{FAE04EC0-301F-11D3-BF4B-00C04F79EFBC}") = "FleetComplete.Geocoder.NGeoNames.Tests", "FleetComplete.Geocoder.NGeoNames.Tests\FleetComplete.Geocoder.NGeoNames.Tests.csproj", "{96DE8F81-D53D-491D-AC3F-DF3BBDF61EC2}"
EndProject
Global
	GlobalSection(SolutionConfigurationPlatforms) = preSolution
		Ad-Hoc|Any CPU = Ad-Hoc|Any CPU
		Ad-Hoc|ARM = Ad-Hoc|ARM
		Ad-Hoc|iPhone = Ad-Hoc|iPhone
		Ad-Hoc|iPhoneSimulator = Ad-Hoc|iPhoneSimulator
		Ad-Hoc|x64 = Ad-Hoc|x64
		Ad-Hoc|x86 = Ad-Hoc|x86
		AppStore|Any CPU = AppStore|Any CPU
		AppStore|ARM = AppStore|ARM
		AppStore|iPhone = AppStore|iPhone
		AppStore|iPhoneSimulator = AppStore|iPhoneSimulator
		AppStore|x64 = AppStore|x64
		AppStore|x86 = AppStore|x86
		Debug|Any CPU = Debug|Any CPU
		Debug|ARM = Debug|ARM
		Debug|iPhone = Debug|iPhone
		Debug|iPhoneSimulator = Debug|iPhoneSimulator
		Debug|x64 = Debug|x64
		Debug|x86 = Debug|x86
		Release|Any CPU = Release|Any CPU
		Release|ARM = Release|ARM
		Release|iPhone = Release|iPhone
		Release|iPhoneSimulator = Release|iPhoneSimulator
		Release|x64 = Release|x64
		Release|x86 = Release|x86
	EndGlobalSection
	GlobalSection(ProjectConfigurationPlatforms) = postSolution
		{D38F2E4C-C57A-4826-B77C-7E16B6E3FC1F}.Ad-Hoc|Any CPU.ActiveCfg = Release|Any CPU
		{D38F2E4C-C57A-4826-B77C-7E16B6E3FC1F}.Ad-Hoc|Any CPU.Build.0 = Release|Any CPU
		{D38F2E4C-C57A-4826-B77C-7E16B6E3FC1F}.Ad-Hoc|Any CPU.Deploy.0 = Release|Any CPU
		{D38F2E4C-C57A-4826-B77C-7E16B6E3FC1F}.Ad-Hoc|ARM.ActiveCfg = Release|Any CPU
		{D38F2E4C-C57A-4826-B77C-7E16B6E3FC1F}.Ad-Hoc|ARM.Build.0 = Release|Any CPU
		{D38F2E4C-C57A-4826-B77C-7E16B6E3FC1F}.Ad-Hoc|ARM.Deploy.0 = Release|Any CPU
		{D38F2E4C-C57A-4826-B77C-7E16B6E3FC1F}.Ad-Hoc|iPhone.ActiveCfg = Release|Any CPU
		{D38F2E4C-C57A-4826-B77C-7E16B6E3FC1F}.Ad-Hoc|iPhone.Build.0 = Release|Any CPU
		{D38F2E4C-C57A-4826-B77C-7E16B6E3FC1F}.Ad-Hoc|iPhone.Deploy.0 = Release|Any CPU
		{D38F2E4C-C57A-4826-B77C-7E16B6E3FC1F}.Ad-Hoc|iPhoneSimulator.ActiveCfg = Release|Any CPU
		{D38F2E4C-C57A-4826-B77C-7E16B6E3FC1F}.Ad-Hoc|iPhoneSimulator.Build.0 = Release|Any CPU
		{D38F2E4C-C57A-4826-B77C-7E16B6E3FC1F}.Ad-Hoc|iPhoneSimulator.Deploy.0 = Release|Any CPU
		{D38F2E4C-C57A-4826-B77C-7E16B6E3FC1F}.Ad-Hoc|x64.ActiveCfg = Release|Any CPU
		{D38F2E4C-C57A-4826-B77C-7E16B6E3FC1F}.Ad-Hoc|x64.Build.0 = Release|Any CPU
		{D38F2E4C-C57A-4826-B77C-7E16B6E3FC1F}.Ad-Hoc|x64.Deploy.0 = Release|Any CPU
		{D38F2E4C-C57A-4826-B77C-7E16B6E3FC1F}.Ad-Hoc|x86.ActiveCfg = Release|Any CPU
		{D38F2E4C-C57A-4826-B77C-7E16B6E3FC1F}.Ad-Hoc|x86.Build.0 = Release|Any CPU
		{D38F2E4C-C57A-4826-B77C-7E16B6E3FC1F}.Ad-Hoc|x86.Deploy.0 = Release|Any CPU
		{D38F2E4C-C57A-4826-B77C-7E16B6E3FC1F}.AppStore|Any CPU.ActiveCfg = Release|Any CPU
		{D38F2E4C-C57A-4826-B77C-7E16B6E3FC1F}.AppStore|Any CPU.Build.0 = Release|Any CPU
		{D38F2E4C-C57A-4826-B77C-7E16B6E3FC1F}.AppStore|Any CPU.Deploy.0 = Release|Any CPU
		{D38F2E4C-C57A-4826-B77C-7E16B6E3FC1F}.AppStore|ARM.ActiveCfg = Release|Any CPU
		{D38F2E4C-C57A-4826-B77C-7E16B6E3FC1F}.AppStore|ARM.Build.0 = Release|Any CPU
		{D38F2E4C-C57A-4826-B77C-7E16B6E3FC1F}.AppStore|ARM.Deploy.0 = Release|Any CPU
		{D38F2E4C-C57A-4826-B77C-7E16B6E3FC1F}.AppStore|iPhone.ActiveCfg = Release|Any CPU
		{D38F2E4C-C57A-4826-B77C-7E16B6E3FC1F}.AppStore|iPhone.Build.0 = Release|Any CPU
		{D38F2E4C-C57A-4826-B77C-7E16B6E3FC1F}.AppStore|iPhone.Deploy.0 = Release|Any CPU
		{D38F2E4C-C57A-4826-B77C-7E16B6E3FC1F}.AppStore|iPhoneSimulator.ActiveCfg = Release|Any CPU
		{D38F2E4C-C57A-4826-B77C-7E16B6E3FC1F}.AppStore|iPhoneSimulator.Build.0 = Release|Any CPU
		{D38F2E4C-C57A-4826-B77C-7E16B6E3FC1F}.AppStore|iPhoneSimulator.Deploy.0 = Release|Any CPU
		{D38F2E4C-C57A-4826-B77C-7E16B6E3FC1F}.AppStore|x64.ActiveCfg = Release|Any CPU
		{D38F2E4C-C57A-4826-B77C-7E16B6E3FC1F}.AppStore|x64.Build.0 = Release|Any CPU
		{D38F2E4C-C57A-4826-B77C-7E16B6E3FC1F}.AppStore|x64.Deploy.0 = Release|Any CPU
		{D38F2E4C-C57A-4826-B77C-7E16B6E3FC1F}.AppStore|x86.ActiveCfg = Release|Any CPU
		{D38F2E4C-C57A-4826-B77C-7E16B6E3FC1F}.AppStore|x86.Build.0 = Release|Any CPU
		{D38F2E4C-C57A-4826-B77C-7E16B6E3FC1F}.AppStore|x86.Deploy.0 = Release|Any CPU
		{D38F2E4C-C57A-4826-B77C-7E16B6E3FC1F}.Debug|Any CPU.ActiveCfg = Debug|Any CPU
		{D38F2E4C-C57A-4826-B77C-7E16B6E3FC1F}.Debug|Any CPU.Build.0 = Debug|Any CPU
		{D38F2E4C-C57A-4826-B77C-7E16B6E3FC1F}.Debug|Any CPU.Deploy.0 = Debug|Any CPU
		{D38F2E4C-C57A-4826-B77C-7E16B6E3FC1F}.Debug|ARM.ActiveCfg = Debug|Any CPU
		{D38F2E4C-C57A-4826-B77C-7E16B6E3FC1F}.Debug|ARM.Build.0 = Debug|Any CPU
		{D38F2E4C-C57A-4826-B77C-7E16B6E3FC1F}.Debug|ARM.Deploy.0 = Debug|Any CPU
		{D38F2E4C-C57A-4826-B77C-7E16B6E3FC1F}.Debug|iPhone.ActiveCfg = Debug|Any CPU
		{D38F2E4C-C57A-4826-B77C-7E16B6E3FC1F}.Debug|iPhone.Build.0 = Debug|Any CPU
		{D38F2E4C-C57A-4826-B77C-7E16B6E3FC1F}.Debug|iPhone.Deploy.0 = Debug|Any CPU
		{D38F2E4C-C57A-4826-B77C-7E16B6E3FC1F}.Debug|iPhoneSimulator.ActiveCfg = Debug|Any CPU
		{D38F2E4C-C57A-4826-B77C-7E16B6E3FC1F}.Debug|iPhoneSimulator.Build.0 = Debug|Any CPU
		{D38F2E4C-C57A-4826-B77C-7E16B6E3FC1F}.Debug|iPhoneSimulator.Deploy.0 = Debug|Any CPU
		{D38F2E4C-C57A-4826-B77C-7E16B6E3FC1F}.Debug|x64.ActiveCfg = Debug|Any CPU
		{D38F2E4C-C57A-4826-B77C-7E16B6E3FC1F}.Debug|x64.Build.0 = Debug|Any CPU
		{D38F2E4C-C57A-4826-B77C-7E16B6E3FC1F}.Debug|x64.Deploy.0 = Debug|Any CPU
		{D38F2E4C-C57A-4826-B77C-7E16B6E3FC1F}.Debug|x86.ActiveCfg = Debug|Any CPU
		{D38F2E4C-C57A-4826-B77C-7E16B6E3FC1F}.Debug|x86.Build.0 = Debug|Any CPU
		{D38F2E4C-C57A-4826-B77C-7E16B6E3FC1F}.Debug|x86.Deploy.0 = Debug|Any CPU
		{D38F2E4C-C57A-4826-B77C-7E16B6E3FC1F}.Release|Any CPU.ActiveCfg = Release|Any CPU
		{D38F2E4C-C57A-4826-B77C-7E16B6E3FC1F}.Release|Any CPU.Build.0 = Release|Any CPU
		{D38F2E4C-C57A-4826-B77C-7E16B6E3FC1F}.Release|Any CPU.Deploy.0 = Release|Any CPU
		{D38F2E4C-C57A-4826-B77C-7E16B6E3FC1F}.Release|ARM.ActiveCfg = Release|Any CPU
		{D38F2E4C-C57A-4826-B77C-7E16B6E3FC1F}.Release|ARM.Build.0 = Release|Any CPU
		{D38F2E4C-C57A-4826-B77C-7E16B6E3FC1F}.Release|ARM.Deploy.0 = Release|Any CPU
		{D38F2E4C-C57A-4826-B77C-7E16B6E3FC1F}.Release|iPhone.ActiveCfg = Release|Any CPU
		{D38F2E4C-C57A-4826-B77C-7E16B6E3FC1F}.Release|iPhone.Build.0 = Release|Any CPU
		{D38F2E4C-C57A-4826-B77C-7E16B6E3FC1F}.Release|iPhone.Deploy.0 = Release|Any CPU
		{D38F2E4C-C57A-4826-B77C-7E16B6E3FC1F}.Release|iPhoneSimulator.ActiveCfg = Release|Any CPU
		{D38F2E4C-C57A-4826-B77C-7E16B6E3FC1F}.Release|iPhoneSimulator.Build.0 = Release|Any CPU
		{D38F2E4C-C57A-4826-B77C-7E16B6E3FC1F}.Release|iPhoneSimulator.Deploy.0 = Release|Any CPU
		{D38F2E4C-C57A-4826-B77C-7E16B6E3FC1F}.Release|x64.ActiveCfg = Release|Any CPU
		{D38F2E4C-C57A-4826-B77C-7E16B6E3FC1F}.Release|x64.Build.0 = Release|Any CPU
		{D38F2E4C-C57A-4826-B77C-7E16B6E3FC1F}.Release|x64.Deploy.0 = Release|Any CPU
		{D38F2E4C-C57A-4826-B77C-7E16B6E3FC1F}.Release|x86.ActiveCfg = Release|Any CPU
		{D38F2E4C-C57A-4826-B77C-7E16B6E3FC1F}.Release|x86.Build.0 = Release|Any CPU
		{D38F2E4C-C57A-4826-B77C-7E16B6E3FC1F}.Release|x86.Deploy.0 = Release|Any CPU
		{5C63A91A-B5B7-46F7-B4A1-100C02698E2F}.Ad-Hoc|Any CPU.ActiveCfg = Ad-Hoc|iPhone
		{5C63A91A-B5B7-46F7-B4A1-100C02698E2F}.Ad-Hoc|ARM.ActiveCfg = Ad-Hoc|iPhone
		{5C63A91A-B5B7-46F7-B4A1-100C02698E2F}.Ad-Hoc|iPhone.ActiveCfg = Ad-Hoc|iPhone
		{5C63A91A-B5B7-46F7-B4A1-100C02698E2F}.Ad-Hoc|iPhone.Build.0 = Ad-Hoc|iPhone
		{5C63A91A-B5B7-46F7-B4A1-100C02698E2F}.Ad-Hoc|iPhoneSimulator.ActiveCfg = Ad-Hoc|iPhoneSimulator
		{5C63A91A-B5B7-46F7-B4A1-100C02698E2F}.Ad-Hoc|iPhoneSimulator.Build.0 = Ad-Hoc|iPhoneSimulator
		{5C63A91A-B5B7-46F7-B4A1-100C02698E2F}.Ad-Hoc|x64.ActiveCfg = Ad-Hoc|iPhone
		{5C63A91A-B5B7-46F7-B4A1-100C02698E2F}.Ad-Hoc|x86.ActiveCfg = Ad-Hoc|iPhone
		{5C63A91A-B5B7-46F7-B4A1-100C02698E2F}.AppStore|Any CPU.ActiveCfg = AppStore|iPhone
		{5C63A91A-B5B7-46F7-B4A1-100C02698E2F}.AppStore|ARM.ActiveCfg = AppStore|iPhone
		{5C63A91A-B5B7-46F7-B4A1-100C02698E2F}.AppStore|iPhone.ActiveCfg = AppStore|iPhone
		{5C63A91A-B5B7-46F7-B4A1-100C02698E2F}.AppStore|iPhone.Build.0 = AppStore|iPhone
		{5C63A91A-B5B7-46F7-B4A1-100C02698E2F}.AppStore|iPhoneSimulator.ActiveCfg = AppStore|iPhoneSimulator
		{5C63A91A-B5B7-46F7-B4A1-100C02698E2F}.AppStore|iPhoneSimulator.Build.0 = AppStore|iPhoneSimulator
		{5C63A91A-B5B7-46F7-B4A1-100C02698E2F}.AppStore|x64.ActiveCfg = AppStore|iPhone
		{5C63A91A-B5B7-46F7-B4A1-100C02698E2F}.AppStore|x86.ActiveCfg = AppStore|iPhone
		{5C63A91A-B5B7-46F7-B4A1-100C02698E2F}.Debug|Any CPU.ActiveCfg = Debug|iPhone
		{5C63A91A-B5B7-46F7-B4A1-100C02698E2F}.Debug|ARM.ActiveCfg = Debug|iPhone
		{5C63A91A-B5B7-46F7-B4A1-100C02698E2F}.Debug|iPhone.ActiveCfg = Debug|iPhone
		{5C63A91A-B5B7-46F7-B4A1-100C02698E2F}.Debug|iPhone.Build.0 = Debug|iPhone
		{5C63A91A-B5B7-46F7-B4A1-100C02698E2F}.Debug|iPhoneSimulator.ActiveCfg = Debug|iPhoneSimulator
		{5C63A91A-B5B7-46F7-B4A1-100C02698E2F}.Debug|iPhoneSimulator.Build.0 = Debug|iPhoneSimulator
		{5C63A91A-B5B7-46F7-B4A1-100C02698E2F}.Debug|x64.ActiveCfg = Debug|iPhone
		{5C63A91A-B5B7-46F7-B4A1-100C02698E2F}.Debug|x86.ActiveCfg = Debug|iPhone
		{5C63A91A-B5B7-46F7-B4A1-100C02698E2F}.Release|Any CPU.ActiveCfg = Release|iPhone
		{5C63A91A-B5B7-46F7-B4A1-100C02698E2F}.Release|ARM.ActiveCfg = Release|iPhone
		{5C63A91A-B5B7-46F7-B4A1-100C02698E2F}.Release|iPhone.ActiveCfg = Release|iPhone
		{5C63A91A-B5B7-46F7-B4A1-100C02698E2F}.Release|iPhone.Build.0 = Release|iPhone
		{5C63A91A-B5B7-46F7-B4A1-100C02698E2F}.Release|iPhoneSimulator.ActiveCfg = Release|iPhoneSimulator
		{5C63A91A-B5B7-46F7-B4A1-100C02698E2F}.Release|iPhoneSimulator.Build.0 = Release|iPhoneSimulator
		{5C63A91A-B5B7-46F7-B4A1-100C02698E2F}.Release|x64.ActiveCfg = Release|iPhone
		{5C63A91A-B5B7-46F7-B4A1-100C02698E2F}.Release|x86.ActiveCfg = Release|iPhone
		{89381639-B2BE-4A70-8029-0FB74A370D12}.Ad-Hoc|Any CPU.ActiveCfg = Release|Any CPU
		{89381639-B2BE-4A70-8029-0FB74A370D12}.Ad-Hoc|Any CPU.Build.0 = Release|Any CPU
		{89381639-B2BE-4A70-8029-0FB74A370D12}.Ad-Hoc|ARM.ActiveCfg = Release|Any CPU
		{89381639-B2BE-4A70-8029-0FB74A370D12}.Ad-Hoc|ARM.Build.0 = Release|Any CPU
		{89381639-B2BE-4A70-8029-0FB74A370D12}.Ad-Hoc|iPhone.ActiveCfg = Release|Any CPU
		{89381639-B2BE-4A70-8029-0FB74A370D12}.Ad-Hoc|iPhone.Build.0 = Release|Any CPU
		{89381639-B2BE-4A70-8029-0FB74A370D12}.Ad-Hoc|iPhoneSimulator.ActiveCfg = Release|Any CPU
		{89381639-B2BE-4A70-8029-0FB74A370D12}.Ad-Hoc|iPhoneSimulator.Build.0 = Release|Any CPU
		{89381639-B2BE-4A70-8029-0FB74A370D12}.Ad-Hoc|x64.ActiveCfg = Release|Any CPU
		{89381639-B2BE-4A70-8029-0FB74A370D12}.Ad-Hoc|x64.Build.0 = Release|Any CPU
		{89381639-B2BE-4A70-8029-0FB74A370D12}.Ad-Hoc|x86.ActiveCfg = Release|Any CPU
		{89381639-B2BE-4A70-8029-0FB74A370D12}.Ad-Hoc|x86.Build.0 = Release|Any CPU
		{89381639-B2BE-4A70-8029-0FB74A370D12}.AppStore|Any CPU.ActiveCfg = Release|Any CPU
		{89381639-B2BE-4A70-8029-0FB74A370D12}.AppStore|Any CPU.Build.0 = Release|Any CPU
		{89381639-B2BE-4A70-8029-0FB74A370D12}.AppStore|ARM.ActiveCfg = Release|Any CPU
		{89381639-B2BE-4A70-8029-0FB74A370D12}.AppStore|ARM.Build.0 = Release|Any CPU
		{89381639-B2BE-4A70-8029-0FB74A370D12}.AppStore|iPhone.ActiveCfg = Release|Any CPU
		{89381639-B2BE-4A70-8029-0FB74A370D12}.AppStore|iPhone.Build.0 = Release|Any CPU
		{89381639-B2BE-4A70-8029-0FB74A370D12}.AppStore|iPhoneSimulator.ActiveCfg = Release|Any CPU
		{89381639-B2BE-4A70-8029-0FB74A370D12}.AppStore|iPhoneSimulator.Build.0 = Release|Any CPU
		{89381639-B2BE-4A70-8029-0FB74A370D12}.AppStore|x64.ActiveCfg = Release|Any CPU
		{89381639-B2BE-4A70-8029-0FB74A370D12}.AppStore|x64.Build.0 = Release|Any CPU
		{89381639-B2BE-4A70-8029-0FB74A370D12}.AppStore|x86.ActiveCfg = Release|Any CPU
		{89381639-B2BE-4A70-8029-0FB74A370D12}.AppStore|x86.Build.0 = Release|Any CPU
		{89381639-B2BE-4A70-8029-0FB74A370D12}.Debug|Any CPU.ActiveCfg = Debug|Any CPU
		{89381639-B2BE-4A70-8029-0FB74A370D12}.Debug|Any CPU.Build.0 = Debug|Any CPU
		{89381639-B2BE-4A70-8029-0FB74A370D12}.Debug|ARM.ActiveCfg = Debug|Any CPU
		{89381639-B2BE-4A70-8029-0FB74A370D12}.Debug|ARM.Build.0 = Debug|Any CPU
		{89381639-B2BE-4A70-8029-0FB74A370D12}.Debug|iPhone.ActiveCfg = Debug|Any CPU
		{89381639-B2BE-4A70-8029-0FB74A370D12}.Debug|iPhone.Build.0 = Debug|Any CPU
		{89381639-B2BE-4A70-8029-0FB74A370D12}.Debug|iPhoneSimulator.ActiveCfg = Debug|Any CPU
		{89381639-B2BE-4A70-8029-0FB74A370D12}.Debug|iPhoneSimulator.Build.0 = Debug|Any CPU
		{89381639-B2BE-4A70-8029-0FB74A370D12}.Debug|x64.ActiveCfg = Debug|Any CPU
		{89381639-B2BE-4A70-8029-0FB74A370D12}.Debug|x64.Build.0 = Debug|Any CPU
		{89381639-B2BE-4A70-8029-0FB74A370D12}.Debug|x86.ActiveCfg = Debug|Any CPU
		{89381639-B2BE-4A70-8029-0FB74A370D12}.Debug|x86.Build.0 = Debug|Any CPU
		{89381639-B2BE-4A70-8029-0FB74A370D12}.Release|Any CPU.ActiveCfg = Release|Any CPU
		{89381639-B2BE-4A70-8029-0FB74A370D12}.Release|Any CPU.Build.0 = Release|Any CPU
		{89381639-B2BE-4A70-8029-0FB74A370D12}.Release|ARM.ActiveCfg = Release|Any CPU
		{89381639-B2BE-4A70-8029-0FB74A370D12}.Release|ARM.Build.0 = Release|Any CPU
		{89381639-B2BE-4A70-8029-0FB74A370D12}.Release|iPhone.ActiveCfg = Release|Any CPU
		{89381639-B2BE-4A70-8029-0FB74A370D12}.Release|iPhone.Build.0 = Release|Any CPU
		{89381639-B2BE-4A70-8029-0FB74A370D12}.Release|iPhoneSimulator.ActiveCfg = Release|Any CPU
		{89381639-B2BE-4A70-8029-0FB74A370D12}.Release|iPhoneSimulator.Build.0 = Release|Any CPU
		{89381639-B2BE-4A70-8029-0FB74A370D12}.Release|x64.ActiveCfg = Release|Any CPU
		{89381639-B2BE-4A70-8029-0FB74A370D12}.Release|x64.Build.0 = Release|Any CPU
		{89381639-B2BE-4A70-8029-0FB74A370D12}.Release|x86.ActiveCfg = Release|Any CPU
		{89381639-B2BE-4A70-8029-0FB74A370D12}.Release|x86.Build.0 = Release|Any CPU
		{93EB905A-6357-4FA5-B805-15319169F906}.Ad-Hoc|Any CPU.ActiveCfg = Release|Any CPU
		{93EB905A-6357-4FA5-B805-15319169F906}.Ad-Hoc|Any CPU.Build.0 = Release|Any CPU
		{93EB905A-6357-4FA5-B805-15319169F906}.Ad-Hoc|ARM.ActiveCfg = Release|Any CPU
		{93EB905A-6357-4FA5-B805-15319169F906}.Ad-Hoc|ARM.Build.0 = Release|Any CPU
		{93EB905A-6357-4FA5-B805-15319169F906}.Ad-Hoc|iPhone.ActiveCfg = Release|Any CPU
		{93EB905A-6357-4FA5-B805-15319169F906}.Ad-Hoc|iPhone.Build.0 = Release|Any CPU
		{93EB905A-6357-4FA5-B805-15319169F906}.Ad-Hoc|iPhoneSimulator.ActiveCfg = Release|Any CPU
		{93EB905A-6357-4FA5-B805-15319169F906}.Ad-Hoc|iPhoneSimulator.Build.0 = Release|Any CPU
		{93EB905A-6357-4FA5-B805-15319169F906}.Ad-Hoc|x64.ActiveCfg = Release|Any CPU
		{93EB905A-6357-4FA5-B805-15319169F906}.Ad-Hoc|x64.Build.0 = Release|Any CPU
		{93EB905A-6357-4FA5-B805-15319169F906}.Ad-Hoc|x86.ActiveCfg = Release|Any CPU
		{93EB905A-6357-4FA5-B805-15319169F906}.Ad-Hoc|x86.Build.0 = Release|Any CPU
		{93EB905A-6357-4FA5-B805-15319169F906}.AppStore|Any CPU.ActiveCfg = Release|Any CPU
		{93EB905A-6357-4FA5-B805-15319169F906}.AppStore|Any CPU.Build.0 = Release|Any CPU
		{93EB905A-6357-4FA5-B805-15319169F906}.AppStore|ARM.ActiveCfg = Release|Any CPU
		{93EB905A-6357-4FA5-B805-15319169F906}.AppStore|ARM.Build.0 = Release|Any CPU
		{93EB905A-6357-4FA5-B805-15319169F906}.AppStore|iPhone.ActiveCfg = Release|Any CPU
		{93EB905A-6357-4FA5-B805-15319169F906}.AppStore|iPhone.Build.0 = Release|Any CPU
		{93EB905A-6357-4FA5-B805-15319169F906}.AppStore|iPhoneSimulator.ActiveCfg = Release|Any CPU
		{93EB905A-6357-4FA5-B805-15319169F906}.AppStore|iPhoneSimulator.Build.0 = Release|Any CPU
		{93EB905A-6357-4FA5-B805-15319169F906}.AppStore|x64.ActiveCfg = Release|Any CPU
		{93EB905A-6357-4FA5-B805-15319169F906}.AppStore|x64.Build.0 = Release|Any CPU
		{93EB905A-6357-4FA5-B805-15319169F906}.AppStore|x86.ActiveCfg = Release|Any CPU
		{93EB905A-6357-4FA5-B805-15319169F906}.AppStore|x86.Build.0 = Release|Any CPU
		{93EB905A-6357-4FA5-B805-15319169F906}.Debug|Any CPU.ActiveCfg = Debug|Any CPU
		{93EB905A-6357-4FA5-B805-15319169F906}.Debug|Any CPU.Build.0 = Debug|Any CPU
		{93EB905A-6357-4FA5-B805-15319169F906}.Debug|ARM.ActiveCfg = Debug|Any CPU
		{93EB905A-6357-4FA5-B805-15319169F906}.Debug|ARM.Build.0 = Debug|Any CPU
		{93EB905A-6357-4FA5-B805-15319169F906}.Debug|iPhone.ActiveCfg = Debug|Any CPU
		{93EB905A-6357-4FA5-B805-15319169F906}.Debug|iPhone.Build.0 = Debug|Any CPU
		{93EB905A-6357-4FA5-B805-15319169F906}.Debug|iPhoneSimulator.ActiveCfg = Debug|Any CPU
		{93EB905A-6357-4FA5-B805-15319169F906}.Debug|iPhoneSimulator.Build.0 = Debug|Any CPU
		{93EB905A-6357-4FA5-B805-15319169F906}.Debug|x64.ActiveCfg = Debug|Any CPU
		{93EB905A-6357-4FA5-B805-15319169F906}.Debug|x64.Build.0 = Debug|Any CPU
		{93EB905A-6357-4FA5-B805-15319169F906}.Debug|x86.ActiveCfg = Debug|Any CPU
		{93EB905A-6357-4FA5-B805-15319169F906}.Debug|x86.Build.0 = Debug|Any CPU
		{93EB905A-6357-4FA5-B805-15319169F906}.Release|Any CPU.ActiveCfg = Release|Any CPU
		{93EB905A-6357-4FA5-B805-15319169F906}.Release|Any CPU.Build.0 = Release|Any CPU
		{93EB905A-6357-4FA5-B805-15319169F906}.Release|ARM.ActiveCfg = Release|Any CPU
		{93EB905A-6357-4FA5-B805-15319169F906}.Release|ARM.Build.0 = Release|Any CPU
		{93EB905A-6357-4FA5-B805-15319169F906}.Release|iPhone.ActiveCfg = Release|Any CPU
		{93EB905A-6357-4FA5-B805-15319169F906}.Release|iPhone.Build.0 = Release|Any CPU
		{93EB905A-6357-4FA5-B805-15319169F906}.Release|iPhoneSimulator.ActiveCfg = Release|Any CPU
		{93EB905A-6357-4FA5-B805-15319169F906}.Release|iPhoneSimulator.Build.0 = Release|Any CPU
		{93EB905A-6357-4FA5-B805-15319169F906}.Release|x64.ActiveCfg = Release|Any CPU
		{93EB905A-6357-4FA5-B805-15319169F906}.Release|x64.Build.0 = Release|Any CPU
		{93EB905A-6357-4FA5-B805-15319169F906}.Release|x86.ActiveCfg = Release|Any CPU
		{93EB905A-6357-4FA5-B805-15319169F906}.Release|x86.Build.0 = Release|Any CPU
		{DEED2070-D5FF-4A79-983D-1F21B9592DA7}.Ad-Hoc|Any CPU.ActiveCfg = Release|Any CPU
		{DEED2070-D5FF-4A79-983D-1F21B9592DA7}.Ad-Hoc|Any CPU.Build.0 = Release|Any CPU
		{DEED2070-D5FF-4A79-983D-1F21B9592DA7}.Ad-Hoc|ARM.ActiveCfg = Release|Any CPU
		{DEED2070-D5FF-4A79-983D-1F21B9592DA7}.Ad-Hoc|ARM.Build.0 = Release|Any CPU
		{DEED2070-D5FF-4A79-983D-1F21B9592DA7}.Ad-Hoc|iPhone.ActiveCfg = Release|Any CPU
		{DEED2070-D5FF-4A79-983D-1F21B9592DA7}.Ad-Hoc|iPhone.Build.0 = Release|Any CPU
		{DEED2070-D5FF-4A79-983D-1F21B9592DA7}.Ad-Hoc|iPhoneSimulator.ActiveCfg = Release|Any CPU
		{DEED2070-D5FF-4A79-983D-1F21B9592DA7}.Ad-Hoc|iPhoneSimulator.Build.0 = Release|Any CPU
		{DEED2070-D5FF-4A79-983D-1F21B9592DA7}.Ad-Hoc|x64.ActiveCfg = Release|Any CPU
		{DEED2070-D5FF-4A79-983D-1F21B9592DA7}.Ad-Hoc|x64.Build.0 = Release|Any CPU
		{DEED2070-D5FF-4A79-983D-1F21B9592DA7}.Ad-Hoc|x86.ActiveCfg = Release|Any CPU
		{DEED2070-D5FF-4A79-983D-1F21B9592DA7}.Ad-Hoc|x86.Build.0 = Release|Any CPU
		{DEED2070-D5FF-4A79-983D-1F21B9592DA7}.AppStore|Any CPU.ActiveCfg = Release|Any CPU
		{DEED2070-D5FF-4A79-983D-1F21B9592DA7}.AppStore|Any CPU.Build.0 = Release|Any CPU
		{DEED2070-D5FF-4A79-983D-1F21B9592DA7}.AppStore|ARM.ActiveCfg = Release|Any CPU
		{DEED2070-D5FF-4A79-983D-1F21B9592DA7}.AppStore|ARM.Build.0 = Release|Any CPU
		{DEED2070-D5FF-4A79-983D-1F21B9592DA7}.AppStore|iPhone.ActiveCfg = Release|Any CPU
		{DEED2070-D5FF-4A79-983D-1F21B9592DA7}.AppStore|iPhone.Build.0 = Release|Any CPU
		{DEED2070-D5FF-4A79-983D-1F21B9592DA7}.AppStore|iPhoneSimulator.ActiveCfg = Release|Any CPU
		{DEED2070-D5FF-4A79-983D-1F21B9592DA7}.AppStore|iPhoneSimulator.Build.0 = Release|Any CPU
		{DEED2070-D5FF-4A79-983D-1F21B9592DA7}.AppStore|x64.ActiveCfg = Release|Any CPU
		{DEED2070-D5FF-4A79-983D-1F21B9592DA7}.AppStore|x64.Build.0 = Release|Any CPU
		{DEED2070-D5FF-4A79-983D-1F21B9592DA7}.AppStore|x86.ActiveCfg = Release|Any CPU
		{DEED2070-D5FF-4A79-983D-1F21B9592DA7}.AppStore|x86.Build.0 = Release|Any CPU
		{DEED2070-D5FF-4A79-983D-1F21B9592DA7}.Debug|Any CPU.ActiveCfg = Debug|Any CPU
		{DEED2070-D5FF-4A79-983D-1F21B9592DA7}.Debug|Any CPU.Build.0 = Debug|Any CPU
		{DEED2070-D5FF-4A79-983D-1F21B9592DA7}.Debug|ARM.ActiveCfg = Debug|Any CPU
		{DEED2070-D5FF-4A79-983D-1F21B9592DA7}.Debug|ARM.Build.0 = Debug|Any CPU
		{DEED2070-D5FF-4A79-983D-1F21B9592DA7}.Debug|iPhone.ActiveCfg = Debug|Any CPU
		{DEED2070-D5FF-4A79-983D-1F21B9592DA7}.Debug|iPhone.Build.0 = Debug|Any CPU
		{DEED2070-D5FF-4A79-983D-1F21B9592DA7}.Debug|iPhoneSimulator.ActiveCfg = Debug|Any CPU
		{DEED2070-D5FF-4A79-983D-1F21B9592DA7}.Debug|iPhoneSimulator.Build.0 = Debug|Any CPU
		{DEED2070-D5FF-4A79-983D-1F21B9592DA7}.Debug|x64.ActiveCfg = Debug|Any CPU
		{DEED2070-D5FF-4A79-983D-1F21B9592DA7}.Debug|x64.Build.0 = Debug|Any CPU
		{DEED2070-D5FF-4A79-983D-1F21B9592DA7}.Debug|x86.ActiveCfg = Debug|Any CPU
		{DEED2070-D5FF-4A79-983D-1F21B9592DA7}.Debug|x86.Build.0 = Debug|Any CPU
		{DEED2070-D5FF-4A79-983D-1F21B9592DA7}.Release|Any CPU.ActiveCfg = Release|Any CPU
		{DEED2070-D5FF-4A79-983D-1F21B9592DA7}.Release|Any CPU.Build.0 = Release|Any CPU
		{DEED2070-D5FF-4A79-983D-1F21B9592DA7}.Release|ARM.ActiveCfg = Release|Any CPU
		{DEED2070-D5FF-4A79-983D-1F21B9592DA7}.Release|ARM.Build.0 = Release|Any CPU
		{DEED2070-D5FF-4A79-983D-1F21B9592DA7}.Release|iPhone.ActiveCfg = Release|Any CPU
		{DEED2070-D5FF-4A79-983D-1F21B9592DA7}.Release|iPhone.Build.0 = Release|Any CPU
		{DEED2070-D5FF-4A79-983D-1F21B9592DA7}.Release|iPhoneSimulator.ActiveCfg = Release|Any CPU
		{DEED2070-D5FF-4A79-983D-1F21B9592DA7}.Release|iPhoneSimulator.Build.0 = Release|Any CPU
		{DEED2070-D5FF-4A79-983D-1F21B9592DA7}.Release|x64.ActiveCfg = Release|Any CPU
		{DEED2070-D5FF-4A79-983D-1F21B9592DA7}.Release|x64.Build.0 = Release|Any CPU
		{DEED2070-D5FF-4A79-983D-1F21B9592DA7}.Release|x86.ActiveCfg = Release|Any CPU
		{DEED2070-D5FF-4A79-983D-1F21B9592DA7}.Release|x86.Build.0 = Release|Any CPU
		{35460A49-4083-49AE-A5D3-0F9F95910173}.Ad-Hoc|Any CPU.ActiveCfg = Release|Any CPU
		{35460A49-4083-49AE-A5D3-0F9F95910173}.Ad-Hoc|Any CPU.Build.0 = Release|Any CPU
		{35460A49-4083-49AE-A5D3-0F9F95910173}.Ad-Hoc|ARM.ActiveCfg = Release|Any CPU
		{35460A49-4083-49AE-A5D3-0F9F95910173}.Ad-Hoc|ARM.Build.0 = Release|Any CPU
		{35460A49-4083-49AE-A5D3-0F9F95910173}.Ad-Hoc|iPhone.ActiveCfg = Release|Any CPU
		{35460A49-4083-49AE-A5D3-0F9F95910173}.Ad-Hoc|iPhone.Build.0 = Release|Any CPU
		{35460A49-4083-49AE-A5D3-0F9F95910173}.Ad-Hoc|iPhoneSimulator.ActiveCfg = Release|Any CPU
		{35460A49-4083-49AE-A5D3-0F9F95910173}.Ad-Hoc|iPhoneSimulator.Build.0 = Release|Any CPU
		{35460A49-4083-49AE-A5D3-0F9F95910173}.Ad-Hoc|x64.ActiveCfg = Release|Any CPU
		{35460A49-4083-49AE-A5D3-0F9F95910173}.Ad-Hoc|x64.Build.0 = Release|Any CPU
		{35460A49-4083-49AE-A5D3-0F9F95910173}.Ad-Hoc|x86.ActiveCfg = Release|Any CPU
		{35460A49-4083-49AE-A5D3-0F9F95910173}.Ad-Hoc|x86.Build.0 = Release|Any CPU
		{35460A49-4083-49AE-A5D3-0F9F95910173}.AppStore|Any CPU.ActiveCfg = Release|Any CPU
		{35460A49-4083-49AE-A5D3-0F9F95910173}.AppStore|Any CPU.Build.0 = Release|Any CPU
		{35460A49-4083-49AE-A5D3-0F9F95910173}.AppStore|ARM.ActiveCfg = Release|Any CPU
		{35460A49-4083-49AE-A5D3-0F9F95910173}.AppStore|ARM.Build.0 = Release|Any CPU
		{35460A49-4083-49AE-A5D3-0F9F95910173}.AppStore|iPhone.ActiveCfg = Release|Any CPU
		{35460A49-4083-49AE-A5D3-0F9F95910173}.AppStore|iPhone.Build.0 = Release|Any CPU
		{35460A49-4083-49AE-A5D3-0F9F95910173}.AppStore|iPhoneSimulator.ActiveCfg = Release|Any CPU
		{35460A49-4083-49AE-A5D3-0F9F95910173}.AppStore|iPhoneSimulator.Build.0 = Release|Any CPU
		{35460A49-4083-49AE-A5D3-0F9F95910173}.AppStore|x64.ActiveCfg = Release|Any CPU
		{35460A49-4083-49AE-A5D3-0F9F95910173}.AppStore|x64.Build.0 = Release|Any CPU
		{35460A49-4083-49AE-A5D3-0F9F95910173}.AppStore|x86.ActiveCfg = Release|Any CPU
		{35460A49-4083-49AE-A5D3-0F9F95910173}.AppStore|x86.Build.0 = Release|Any CPU
		{35460A49-4083-49AE-A5D3-0F9F95910173}.Debug|Any CPU.ActiveCfg = Debug|Any CPU
		{35460A49-4083-49AE-A5D3-0F9F95910173}.Debug|Any CPU.Build.0 = Debug|Any CPU
		{35460A49-4083-49AE-A5D3-0F9F95910173}.Debug|ARM.ActiveCfg = Debug|Any CPU
		{35460A49-4083-49AE-A5D3-0F9F95910173}.Debug|ARM.Build.0 = Debug|Any CPU
		{35460A49-4083-49AE-A5D3-0F9F95910173}.Debug|iPhone.ActiveCfg = Debug|Any CPU
		{35460A49-4083-49AE-A5D3-0F9F95910173}.Debug|iPhone.Build.0 = Debug|Any CPU
		{35460A49-4083-49AE-A5D3-0F9F95910173}.Debug|iPhoneSimulator.ActiveCfg = Debug|Any CPU
		{35460A49-4083-49AE-A5D3-0F9F95910173}.Debug|iPhoneSimulator.Build.0 = Debug|Any CPU
		{35460A49-4083-49AE-A5D3-0F9F95910173}.Debug|x64.ActiveCfg = Debug|Any CPU
		{35460A49-4083-49AE-A5D3-0F9F95910173}.Debug|x64.Build.0 = Debug|Any CPU
		{35460A49-4083-49AE-A5D3-0F9F95910173}.Debug|x86.ActiveCfg = Debug|Any CPU
		{35460A49-4083-49AE-A5D3-0F9F95910173}.Debug|x86.Build.0 = Debug|Any CPU
		{35460A49-4083-49AE-A5D3-0F9F95910173}.Release|Any CPU.ActiveCfg = Release|Any CPU
		{35460A49-4083-49AE-A5D3-0F9F95910173}.Release|Any CPU.Build.0 = Release|Any CPU
		{35460A49-4083-49AE-A5D3-0F9F95910173}.Release|ARM.ActiveCfg = Release|Any CPU
		{35460A49-4083-49AE-A5D3-0F9F95910173}.Release|ARM.Build.0 = Release|Any CPU
		{35460A49-4083-49AE-A5D3-0F9F95910173}.Release|iPhone.ActiveCfg = Release|Any CPU
		{35460A49-4083-49AE-A5D3-0F9F95910173}.Release|iPhone.Build.0 = Release|Any CPU
		{35460A49-4083-49AE-A5D3-0F9F95910173}.Release|iPhoneSimulator.ActiveCfg = Release|Any CPU
		{35460A49-4083-49AE-A5D3-0F9F95910173}.Release|iPhoneSimulator.Build.0 = Release|Any CPU
		{35460A49-4083-49AE-A5D3-0F9F95910173}.Release|x64.ActiveCfg = Release|Any CPU
		{35460A49-4083-49AE-A5D3-0F9F95910173}.Release|x64.Build.0 = Release|Any CPU
		{35460A49-4083-49AE-A5D3-0F9F95910173}.Release|x86.ActiveCfg = Release|Any CPU
		{35460A49-4083-49AE-A5D3-0F9F95910173}.Release|x86.Build.0 = Release|Any CPU
		{9C2B9B44-3503-4C62-A805-95ABB009D716}.Ad-Hoc|Any CPU.ActiveCfg = Release|Any CPU
		{9C2B9B44-3503-4C62-A805-95ABB009D716}.Ad-Hoc|Any CPU.Build.0 = Release|Any CPU
		{9C2B9B44-3503-4C62-A805-95ABB009D716}.Ad-Hoc|ARM.ActiveCfg = Release|Any CPU
		{9C2B9B44-3503-4C62-A805-95ABB009D716}.Ad-Hoc|ARM.Build.0 = Release|Any CPU
		{9C2B9B44-3503-4C62-A805-95ABB009D716}.Ad-Hoc|iPhone.ActiveCfg = Release|Any CPU
		{9C2B9B44-3503-4C62-A805-95ABB009D716}.Ad-Hoc|iPhone.Build.0 = Release|Any CPU
		{9C2B9B44-3503-4C62-A805-95ABB009D716}.Ad-Hoc|iPhoneSimulator.ActiveCfg = Release|Any CPU
		{9C2B9B44-3503-4C62-A805-95ABB009D716}.Ad-Hoc|iPhoneSimulator.Build.0 = Release|Any CPU
		{9C2B9B44-3503-4C62-A805-95ABB009D716}.Ad-Hoc|x64.ActiveCfg = Release|Any CPU
		{9C2B9B44-3503-4C62-A805-95ABB009D716}.Ad-Hoc|x64.Build.0 = Release|Any CPU
		{9C2B9B44-3503-4C62-A805-95ABB009D716}.Ad-Hoc|x86.ActiveCfg = Release|Any CPU
		{9C2B9B44-3503-4C62-A805-95ABB009D716}.Ad-Hoc|x86.Build.0 = Release|Any CPU
		{9C2B9B44-3503-4C62-A805-95ABB009D716}.AppStore|Any CPU.ActiveCfg = Release|Any CPU
		{9C2B9B44-3503-4C62-A805-95ABB009D716}.AppStore|Any CPU.Build.0 = Release|Any CPU
		{9C2B9B44-3503-4C62-A805-95ABB009D716}.AppStore|ARM.ActiveCfg = Release|Any CPU
		{9C2B9B44-3503-4C62-A805-95ABB009D716}.AppStore|ARM.Build.0 = Release|Any CPU
		{9C2B9B44-3503-4C62-A805-95ABB009D716}.AppStore|iPhone.ActiveCfg = Release|Any CPU
		{9C2B9B44-3503-4C62-A805-95ABB009D716}.AppStore|iPhone.Build.0 = Release|Any CPU
		{9C2B9B44-3503-4C62-A805-95ABB009D716}.AppStore|iPhoneSimulator.ActiveCfg = Release|Any CPU
		{9C2B9B44-3503-4C62-A805-95ABB009D716}.AppStore|iPhoneSimulator.Build.0 = Release|Any CPU
		{9C2B9B44-3503-4C62-A805-95ABB009D716}.AppStore|x64.ActiveCfg = Release|Any CPU
		{9C2B9B44-3503-4C62-A805-95ABB009D716}.AppStore|x64.Build.0 = Release|Any CPU
		{9C2B9B44-3503-4C62-A805-95ABB009D716}.AppStore|x86.ActiveCfg = Release|Any CPU
		{9C2B9B44-3503-4C62-A805-95ABB009D716}.AppStore|x86.Build.0 = Release|Any CPU
		{9C2B9B44-3503-4C62-A805-95ABB009D716}.Debug|Any CPU.ActiveCfg = Debug|Any CPU
		{9C2B9B44-3503-4C62-A805-95ABB009D716}.Debug|Any CPU.Build.0 = Debug|Any CPU
		{9C2B9B44-3503-4C62-A805-95ABB009D716}.Debug|ARM.ActiveCfg = Debug|Any CPU
		{9C2B9B44-3503-4C62-A805-95ABB009D716}.Debug|ARM.Build.0 = Debug|Any CPU
		{9C2B9B44-3503-4C62-A805-95ABB009D716}.Debug|iPhone.ActiveCfg = Debug|Any CPU
		{9C2B9B44-3503-4C62-A805-95ABB009D716}.Debug|iPhone.Build.0 = Debug|Any CPU
		{9C2B9B44-3503-4C62-A805-95ABB009D716}.Debug|iPhoneSimulator.ActiveCfg = Debug|Any CPU
		{9C2B9B44-3503-4C62-A805-95ABB009D716}.Debug|iPhoneSimulator.Build.0 = Debug|Any CPU
		{9C2B9B44-3503-4C62-A805-95ABB009D716}.Debug|x64.ActiveCfg = Debug|Any CPU
		{9C2B9B44-3503-4C62-A805-95ABB009D716}.Debug|x64.Build.0 = Debug|Any CPU
		{9C2B9B44-3503-4C62-A805-95ABB009D716}.Debug|x86.ActiveCfg = Debug|Any CPU
		{9C2B9B44-3503-4C62-A805-95ABB009D716}.Debug|x86.Build.0 = Debug|Any CPU
		{9C2B9B44-3503-4C62-A805-95ABB009D716}.Release|Any CPU.ActiveCfg = Release|Any CPU
		{9C2B9B44-3503-4C62-A805-95ABB009D716}.Release|Any CPU.Build.0 = Release|Any CPU
		{9C2B9B44-3503-4C62-A805-95ABB009D716}.Release|ARM.ActiveCfg = Release|Any CPU
		{9C2B9B44-3503-4C62-A805-95ABB009D716}.Release|ARM.Build.0 = Release|Any CPU
		{9C2B9B44-3503-4C62-A805-95ABB009D716}.Release|iPhone.ActiveCfg = Release|Any CPU
		{9C2B9B44-3503-4C62-A805-95ABB009D716}.Release|iPhone.Build.0 = Release|Any CPU
		{9C2B9B44-3503-4C62-A805-95ABB009D716}.Release|iPhoneSimulator.ActiveCfg = Release|Any CPU
		{9C2B9B44-3503-4C62-A805-95ABB009D716}.Release|iPhoneSimulator.Build.0 = Release|Any CPU
		{9C2B9B44-3503-4C62-A805-95ABB009D716}.Release|x64.ActiveCfg = Release|Any CPU
		{9C2B9B44-3503-4C62-A805-95ABB009D716}.Release|x64.Build.0 = Release|Any CPU
		{9C2B9B44-3503-4C62-A805-95ABB009D716}.Release|x86.ActiveCfg = Release|Any CPU
		{9C2B9B44-3503-4C62-A805-95ABB009D716}.Release|x86.Build.0 = Release|Any CPU
		{96DE8F81-D53D-491D-AC3F-DF3BBDF61EC2}.Ad-Hoc|Any CPU.ActiveCfg = Release|Any CPU
		{96DE8F81-D53D-491D-AC3F-DF3BBDF61EC2}.Ad-Hoc|Any CPU.Build.0 = Release|Any CPU
		{96DE8F81-D53D-491D-AC3F-DF3BBDF61EC2}.Ad-Hoc|ARM.ActiveCfg = Release|Any CPU
		{96DE8F81-D53D-491D-AC3F-DF3BBDF61EC2}.Ad-Hoc|ARM.Build.0 = Release|Any CPU
		{96DE8F81-D53D-491D-AC3F-DF3BBDF61EC2}.Ad-Hoc|iPhone.ActiveCfg = Release|Any CPU
		{96DE8F81-D53D-491D-AC3F-DF3BBDF61EC2}.Ad-Hoc|iPhone.Build.0 = Release|Any CPU
		{96DE8F81-D53D-491D-AC3F-DF3BBDF61EC2}.Ad-Hoc|iPhoneSimulator.ActiveCfg = Release|Any CPU
		{96DE8F81-D53D-491D-AC3F-DF3BBDF61EC2}.Ad-Hoc|iPhoneSimulator.Build.0 = Release|Any CPU
		{96DE8F81-D53D-491D-AC3F-DF3BBDF61EC2}.Ad-Hoc|x64.ActiveCfg = Release|Any CPU
		{96DE8F81-D53D-491D-AC3F-DF3BBDF61EC2}.Ad-Hoc|x64.Build.0 = Release|Any CPU
		{96DE8F81-D53D-491D-AC3F-DF3BBDF61EC2}.Ad-Hoc|x86.ActiveCfg = Release|Any CPU
		{96DE8F81-D53D-491D-AC3F-DF3BBDF61EC2}.Ad-Hoc|x86.Build.0 = Release|Any CPU
		{96DE8F81-D53D-491D-AC3F-DF3BBDF61EC2}.AppStore|Any CPU.ActiveCfg = Release|Any CPU
		{96DE8F81-D53D-491D-AC3F-DF3BBDF61EC2}.AppStore|Any CPU.Build.0 = Release|Any CPU
		{96DE8F81-D53D-491D-AC3F-DF3BBDF61EC2}.AppStore|ARM.ActiveCfg = Release|Any CPU
		{96DE8F81-D53D-491D-AC3F-DF3BBDF61EC2}.AppStore|ARM.Build.0 = Release|Any CPU
		{96DE8F81-D53D-491D-AC3F-DF3BBDF61EC2}.AppStore|iPhone.ActiveCfg = Release|Any CPU
		{96DE8F81-D53D-491D-AC3F-DF3BBDF61EC2}.AppStore|iPhone.Build.0 = Release|Any CPU
		{96DE8F81-D53D-491D-AC3F-DF3BBDF61EC2}.AppStore|iPhoneSimulator.ActiveCfg = Release|Any CPU
		{96DE8F81-D53D-491D-AC3F-DF3BBDF61EC2}.AppStore|iPhoneSimulator.Build.0 = Release|Any CPU
		{96DE8F81-D53D-491D-AC3F-DF3BBDF61EC2}.AppStore|x64.ActiveCfg = Release|Any CPU
		{96DE8F81-D53D-491D-AC3F-DF3BBDF61EC2}.AppStore|x64.Build.0 = Release|Any CPU
		{96DE8F81-D53D-491D-AC3F-DF3BBDF61EC2}.AppStore|x86.ActiveCfg = Release|Any CPU
		{96DE8F81-D53D-491D-AC3F-DF3BBDF61EC2}.AppStore|x86.Build.0 = Release|Any CPU
		{96DE8F81-D53D-491D-AC3F-DF3BBDF61EC2}.Debug|Any CPU.ActiveCfg = Debug|Any CPU
		{96DE8F81-D53D-491D-AC3F-DF3BBDF61EC2}.Debug|Any CPU.Build.0 = Debug|Any CPU
		{96DE8F81-D53D-491D-AC3F-DF3BBDF61EC2}.Debug|ARM.ActiveCfg = Debug|Any CPU
		{96DE8F81-D53D-491D-AC3F-DF3BBDF61EC2}.Debug|ARM.Build.0 = Debug|Any CPU
		{96DE8F81-D53D-491D-AC3F-DF3BBDF61EC2}.Debug|iPhone.ActiveCfg = Debug|Any CPU
		{96DE8F81-D53D-491D-AC3F-DF3BBDF61EC2}.Debug|iPhone.Build.0 = Debug|Any CPU
		{96DE8F81-D53D-491D-AC3F-DF3BBDF61EC2}.Debug|iPhoneSimulator.ActiveCfg = Debug|Any CPU
		{96DE8F81-D53D-491D-AC3F-DF3BBDF61EC2}.Debug|iPhoneSimulator.Build.0 = Debug|Any CPU
		{96DE8F81-D53D-491D-AC3F-DF3BBDF61EC2}.Debug|x64.ActiveCfg = Debug|Any CPU
		{96DE8F81-D53D-491D-AC3F-DF3BBDF61EC2}.Debug|x64.Build.0 = Debug|Any CPU
		{96DE8F81-D53D-491D-AC3F-DF3BBDF61EC2}.Debug|x86.ActiveCfg = Debug|Any CPU
		{96DE8F81-D53D-491D-AC3F-DF3BBDF61EC2}.Debug|x86.Build.0 = Debug|Any CPU
		{96DE8F81-D53D-491D-AC3F-DF3BBDF61EC2}.Release|Any CPU.ActiveCfg = Release|Any CPU
		{96DE8F81-D53D-491D-AC3F-DF3BBDF61EC2}.Release|Any CPU.Build.0 = Release|Any CPU
		{96DE8F81-D53D-491D-AC3F-DF3BBDF61EC2}.Release|ARM.ActiveCfg = Release|Any CPU
		{96DE8F81-D53D-491D-AC3F-DF3BBDF61EC2}.Release|ARM.Build.0 = Release|Any CPU
		{96DE8F81-D53D-491D-AC3F-DF3BBDF61EC2}.Release|iPhone.ActiveCfg = Release|Any CPU
		{96DE8F81-D53D-491D-AC3F-DF3BBDF61EC2}.Release|iPhone.Build.0 = Release|Any CPU
		{96DE8F81-D53D-491D-AC3F-DF3BBDF61EC2}.Release|iPhoneSimulator.ActiveCfg = Release|Any CPU
		{96DE8F81-D53D-491D-AC3F-DF3BBDF61EC2}.Release|iPhoneSimulator.Build.0 = Release|Any CPU
		{96DE8F81-D53D-491D-AC3F-DF3BBDF61EC2}.Release|x64.ActiveCfg = Release|Any CPU
		{96DE8F81-D53D-491D-AC3F-DF3BBDF61EC2}.Release|x64.Build.0 = Release|Any CPU
		{96DE8F81-D53D-491D-AC3F-DF3BBDF61EC2}.Release|x86.ActiveCfg = Release|Any CPU
		{96DE8F81-D53D-491D-AC3F-DF3BBDF61EC2}.Release|x86.Build.0 = Release|Any CPU
	EndGlobalSection
	GlobalSection(SolutionProperties) = preSolution
		HideSolutionNode = FALSE
	EndGlobalSection
EndGlobal
